<?xml version="1.0" encoding="utf-8"?>
<Project ToolsVersion="4.0" xmlns="http://schemas.microsoft.com/developer/msbuild/2003">
  <ItemGroup>
    <Filter Include="Source Files">
      <UniqueIdentifier>{4FC737F1-C7A5-4376-A066-2A32D752A2FF}</UniqueIdentifier>
      <Extensions>cpp;c;cc;cxx;def;odl;idl;hpj;bat;asm;asmx</Extensions>
    </Filter>
    <Filter Include="Header Files">
      <UniqueIdentifier>{93995380-89BD-4b04-88EB-625FBE52EBFB}</UniqueIdentifier>
      <Extensions>h;hpp;hxx;hm;inl;inc;xsd</Extensions>
    </Filter>
    <Filter Include="Resource Files">
      <UniqueIdentifier>{67DA6AB6-F800-4c08-8B7A-83BB121AAD01}</UniqueIdentifier>
      <Extensions>rc;ico;cur;bmp;dlg;rc2;rct;bin;rgs;gif;jpg;jpeg;jpe;resx;tiff;tif;png;wav;mfcribbon-ms</Extensions>
    </Filter>
  </ItemGroup>
  <ItemGroup>
    <Text Include="ReadMe.txt" />
  </ItemGroup>
  <ItemGroup>
    <ClInclude Include="stdafx.h">
      <Filter>Header Files</Filter>
    </ClInclude>
    <ClInclude Include="targetver.h">
      <Filter>Header Files</Filter>
    </ClInclude>
    <ClInclude Include="SPOJ_PALIN.h">
      <Filter>Header Files</Filter>
    </ClInclude>
    <ClInclude Include="UVa100.h">
      <Filter>Header Files</Filter>
    </ClInclude>
    <ClInclude Include="UVa272.h">
      <Filter>Header Files</Filter>
    </ClInclude>
    <ClInclude Include="UVa394.h">
      <Filter>Header Files</Filter>
    </ClInclude>
    <ClInclude Include="UVa483.h">
      <Filter>Header Files</Filter>
    </ClInclude>
    <ClInclude Include="UVa573.h">
      <Filter>Header Files</Filter>
    </ClInclude>
    <ClInclude Include="UVa661.h">
      <Filter>Header Files</Filter>
    </ClInclude>
    <ClInclude Include="UVa739.h">
      <Filter>Header Files</Filter>
    </ClInclude>
    <ClInclude Include="UVa837.h">
      <Filter>Header Files</Filter>
    </ClInclude>
    <ClInclude Include="UVa941.h">
      <Filter>Header Files</Filter>
    </ClInclude>
    <ClInclude Include="UVa10082.h">
      <Filter>Header Files</Filter>
    </ClInclude>
    <ClInclude Include="UVa10141.h">
      <Filter>Header Files</Filter>
    </ClInclude>
    <ClInclude Include="UVa10281.h">
      <Filter>Header Files</Filter>
    </ClInclude>
    <ClInclude Include="UVa10363.h">
      <Filter>Header Files</Filter>
    </ClInclude>
    <ClInclude Include="UVa10420.h">
      <Filter>Header Files</Filter>
    </ClInclude>
    <ClInclude Include="UVa482.h">
      <Filter>Header Files</Filter>
    </ClInclude>
    <ClInclude Include="UVa146.h">
      <Filter>Header Files</Filter>
    </ClInclude>
    <ClInclude Include="UVa299.h">
      <Filter>Header Files</Filter>
    </ClInclude>
    <ClInclude Include="UVa11462.h">
      <Filter>Header Files</Filter>
    </ClInclude>
    <ClInclude Include="UVa127.h">
      <Filter>Header Files</Filter>
    </ClInclude>
    <ClInclude Include="UVa10226.h">
      <Filter>Header Files</Filter>
    </ClInclude>
    <ClInclude Include="UVa11235.h">
      <Filter>Header Files</Filter>
    </ClInclude>
    <ClInclude Include="UVa291.h">
      <Filter>Header Files</Filter>
    </ClInclude>
    <ClInclude Include="UVa336.h">
      <Filter>Header Files</Filter>
    </ClInclude>
    <ClInclude Include="UVa459.h">
      <Filter>Header Files</Filter>
    </ClInclude>
    <ClInclude Include="UVa908.h">
      <Filter>Header Files</Filter>
    </ClInclude>
    <ClInclude Include="UVa912.h">
      <Filter>Header Files</Filter>
    </ClInclude>
    <ClInclude Include="UVa11297.h">
      <Filter>Header Files</Filter>
    </ClInclude>
    <ClInclude Include="UVa10505.h">
      <Filter>Header Files</Filter>
    </ClInclude>
    <ClInclude Include="UVa11503.h">
      <Filter>Header Files</Filter>
    </ClInclude>
    <ClInclude Include="UVa10928.h">
      <Filter>Header Files</Filter>
    </ClInclude>
    <ClInclude Include="UVa725.h">
      <Filter>Header Files</Filter>
    </ClInclude>
    <ClInclude Include="UVa750.h">
      <Filter>Header Files</Filter>
    </ClInclude>
    <ClInclude Include="UVa10360.h">
      <Filter>Header Files</Filter>
    </ClInclude>
  </ItemGroup>
  <ItemGroup>
    <ClCompile Include="stdafx.cpp">
      <Filter>Source Files</Filter>
    </ClCompile>
    <ClCompile Include="main.cpp">
      <Filter>Source Files</Filter>
    </ClCompile>
    <ClCompile Include="SPOJ_PALIN.cpp">
      <Filter>Source Files</Filter>
    </ClCompile>
    <ClCompile Include="UVa100.cpp">
      <Filter>Source Files</Filter>
    </ClCompile>
    <ClCompile Include="UVa272.cpp">
      <Filter>Source Files</Filter>
    </ClCompile>
    <ClCompile Include="UVa394.cpp">
      <Filter>Source Files</Filter>
    </ClCompile>
    <ClCompile Include="UVa483.cpp">
      <Filter>Source Files</Filter>
    </ClCompile>
    <ClCompile Include="UVa573.cpp">
      <Filter>Source Files</Filter>
    </ClCompile>
    <ClCompile Include="UVa661.cpp">
      <Filter>Source Files</Filter>
    </ClCompile>
    <ClCompile Include="UVa739.cpp">
      <Filter>Source Files</Filter>
    </ClCompile>
    <ClCompile Include="UVa837.cpp">
      <Filter>Source Files</Filter>
    </ClCompile>
    <ClCompile Include="UVa941.cpp">
      <Filter>Source Files</Filter>
    </ClCompile>
    <ClCompile Include="UVa10082.cpp">
      <Filter>Source Files</Filter>
    </ClCompile>
    <ClCompile Include="UVa10141.cpp">
      <Filter>Source Files</Filter>
    </ClCompile>
    <ClCompile Include="UVa10281.cpp">
      <Filter>Source Files</Filter>
    </ClCompile>
    <ClCompile Include="UVa10363.cpp">
      <Filter>Source Files</Filter>
    </ClCompile>
    <ClCompile Include="UVa10420.cpp">
      <Filter>Source Files</Filter>
    </ClCompile>
    <ClCompile Include="UVa482.cpp">
      <Filter>Source Files</Filter>
    </ClCompile>
    <ClCompile Include="UVa146.cpp">
      <Filter>Source Files</Filter>
    </ClCompile>
    <ClCompile Include="UVa299.cpp">
      <Filter>Source Files</Filter>
    </ClCompile>
    <ClCompile Include="UVa11462.cpp">
      <Filter>Source Files</Filter>
    </ClCompile>
    <ClCompile Include="UVa127.cpp">
      <Filter>Source Files</Filter>
    </ClCompile>
    <ClCompile Include="UVa10226.cpp">
      <Filter>Source Files</Filter>
    </ClCompile>
    <ClCompile Include="UVa11235.cpp">
      <Filter>Source Files</Filter>
    </ClCompile>
    <ClCompile Include="UVa291.cpp">
      <Filter>Source Files</Filter>
    </ClCompile>
    <ClCompile Include="UVa336.cpp">
      <Filter>Source Files</Filter>
    </ClCompile>
    <ClCompile Include="UVa459.cpp">
      <Filter>Source Files</Filter>
    </ClCompile>
    <ClCompile Include="UVa908.cpp">
      <Filter>Source Files</Filter>
    </ClCompile>
    <ClCompile Include="UVa912.cpp">
      <Filter>Source Files</Filter>
    </ClCompile>
    <ClCompile Include="UVa11297.cpp">
      <Filter>Source Files</Filter>
    </ClCompile>
    <ClCompile Include="UVa10505.cpp">
      <Filter>Source Files</Filter>
    </ClCompile>
    <ClCompile Include="UVa11503.cpp">
      <Filter>Source Files</Filter>
    </ClCompile>
    <ClCompile Include="UVa10928.cpp">
      <Filter>Source Files</Filter>
    </ClCompile>
    <ClCompile Include="UVa725.cpp">
      <Filter>Source Files</Filter>
    </ClCompile>
    <ClCompile Include="UVa750.cpp">
      <Filter>Source Files</Filter>
    </ClCompile>
    <ClCompile Include="UVa10360.cpp">
      <Filter>Source Files</Filter>
    </ClCompile>
  </ItemGroup>
</Project>