<?xml version="1.0" encoding="utf-8"?>
<Project ToolsVersion="4.0" xmlns="http://schemas.microsoft.com/developer/msbuild/2003">
  <ItemGroup>
    <Filter Include="Source Files">
      <UniqueIdentifier>{4FC737F1-C7A5-4376-A066-2A32D752A2FF}</UniqueIdentifier>
      <Extensions>cpp;c;cc;cxx;def;odl;idl;hpj;bat;asm;asmx</Extensions>
    </Filter>
    <Filter Include="Header Files">
      <UniqueIdentifier>{93995380-89BD-4b04-88EB-625FBE52EBFB}</UniqueIdentifier>
      <Extensions>h;hh;hpp;hxx;hm;inl;inc;xsd</Extensions>
    </Filter>
    <Filter Include="Resource Files">
      <UniqueIdentifier>{67DA6AB6-F800-4c08-8B7A-83BB121AAD01}</UniqueIdentifier>
      <Extensions>rc;ico;cur;bmp;dlg;rc2;rct;bin;rgs;gif;jpg;jpeg;jpe;resx;tiff;tif;png;wav;mfcribbon-ms</Extensions>
    </Filter>
  </ItemGroup>
  <ItemGroup>
    <Text Include="ReadMe.txt" />
  </ItemGroup>
  <ItemGroup>
    <ClInclude Include="stdafx.h">
      <Filter>Header Files</Filter>
    </ClInclude>
    <ClInclude Include="targetver.h">
      <Filter>Header Files</Filter>
    </ClInclude>
    <ClInclude Include="UVa11631.h">
      <Filter>Header Files</Filter>
    </ClInclude>
    <ClInclude Include="UVa11506.h">
      <Filter>Header Files</Filter>
    </ClInclude>
    <ClInclude Include="UVa11504.h">
      <Filter>Header Files</Filter>
    </ClInclude>
    <ClInclude Include="UVa11503.h">
      <Filter>Header Files</Filter>
    </ClInclude>
    <ClInclude Include="UVa11462.h">
      <Filter>Header Files</Filter>
    </ClInclude>
    <ClInclude Include="UVa11450.h">
      <Filter>Header Files</Filter>
    </ClInclude>
    <ClInclude Include="UVa11369.h">
      <Filter>Header Files</Filter>
    </ClInclude>
    <ClInclude Include="UVa11297.h">
      <Filter>Header Files</Filter>
    </ClInclude>
    <ClInclude Include="UVa11292.h">
      <Filter>Header Files</Filter>
    </ClInclude>
    <ClInclude Include="UVa11242.h">
      <Filter>Header Files</Filter>
    </ClInclude>
    <ClInclude Include="UVa11235.h">
      <Filter>Header Files</Filter>
    </ClInclude>
    <ClInclude Include="UVa11228.h">
      <Filter>Header Files</Filter>
    </ClInclude>
    <ClInclude Include="UVa11054.h">
      <Filter>Header Files</Filter>
    </ClInclude>
    <ClInclude Include="UVa10928.h">
      <Filter>Header Files</Filter>
    </ClInclude>
    <ClInclude Include="UVa10911.h">
      <Filter>Header Files</Filter>
    </ClInclude>
    <ClInclude Include="UVa10891.h">
      <Filter>Header Files</Filter>
    </ClInclude>
    <ClInclude Include="UVa10842.h">
      <Filter>Header Files</Filter>
    </ClInclude>
    <ClInclude Include="UVa10779.h">
      <Filter>Header Files</Filter>
    </ClInclude>
    <ClInclude Include="UVa10763.h">
      <Filter>Header Files</Filter>
    </ClInclude>
    <ClInclude Include="UVa10731.h">
      <Filter>Header Files</Filter>
    </ClInclude>
    <ClInclude Include="UVa10670.h">
      <Filter>Header Files</Filter>
    </ClInclude>
    <ClInclude Include="UVa10651.h">
      <Filter>Header Files</Filter>
    </ClInclude>
    <ClInclude Include="UVa10364.h">
      <Filter>Header Files</Filter>
    </ClInclude>
    <ClInclude Include="UVa10369.h">
      <Filter>Header Files</Filter>
    </ClInclude>
    <ClInclude Include="UVa10397.h">
      <Filter>Header Files</Filter>
    </ClInclude>
    <ClInclude Include="UVa10420.h">
      <Filter>Header Files</Filter>
    </ClInclude>
    <ClInclude Include="UVa10440.h">
      <Filter>Header Files</Filter>
    </ClInclude>
    <ClInclude Include="UVa10480.h">
      <Filter>Header Files</Filter>
    </ClInclude>
    <ClInclude Include="UVa10505.h">
      <Filter>Header Files</Filter>
    </ClInclude>
    <ClInclude Include="UVa10511.h">
      <Filter>Header Files</Filter>
    </ClInclude>
    <ClInclude Include="UVa10557.h">
      <Filter>Header Files</Filter>
    </ClInclude>
    <ClInclude Include="UVa10594.h">
      <Filter>Header Files</Filter>
    </ClInclude>
    <ClInclude Include="UVa10600.h">
      <Filter>Header Files</Filter>
    </ClInclude>
    <ClInclude Include="UVa10603.h">
      <Filter>Header Files</Filter>
    </ClInclude>
    <ClInclude Include="LEET_3SUM.h">
      <Filter>Header Files</Filter>
    </ClInclude>
    <ClInclude Include="LEET_ADD_AND_SEARCH_WORD.h">
      <Filter>Header Files</Filter>
    </ClInclude>
    <ClInclude Include="LEET_BINARY_SEARCH_TREE_ITERATOR.h">
      <Filter>Header Files</Filter>
    </ClInclude>
    <ClInclude Include="LEET_BINARY_TREE_PREORDER_TRAVERSAL.h">
      <Filter>Header Files</Filter>
    </ClInclude>
    <ClInclude Include="LEET_ADD_TWO_NUMBERS.h">
      <Filter>Header Files</Filter>
    </ClInclude>
    <ClInclude Include="LEET_BALANCED_BINARY_TREE.h">
      <Filter>Header Files</Filter>
    </ClInclude>
    <ClInclude Include="LEET_BINARY_TREE_INORDER_TRAVERSAL.h">
      <Filter>Header Files</Filter>
    </ClInclude>
    <ClInclude Include="LEET_BINARY_TREE_LEVEL_ORDER_TRAVERSAL.h">
      <Filter>Header Files</Filter>
    </ClInclude>
    <ClInclude Include="LEET_BINARY_TREE_RIGHT_SIDE_VIEW.h">
      <Filter>Header Files</Filter>
    </ClInclude>
    <ClInclude Include="LEET_CLIMBING_STAIRS.h">
      <Filter>Header Files</Filter>
    </ClInclude>
    <ClInclude Include="LEET_CONSTRUCT_BINARY_TREE_FROM_INORDER_AND_POSTORDER_TRAVERSAL.h">
      <Filter>Header Files</Filter>
    </ClInclude>
    <ClInclude Include="LEET_CONSTRUCT_BINARY_TREE_FROM_PREORDER_AND_INORDER_TRAVERSAL.h">
      <Filter>Header Files</Filter>
    </ClInclude>
    <ClInclude Include="LEET_CONTAINER_WITH_MOST_WATER.h">
      <Filter>Header Files</Filter>
    </ClInclude>
    <ClInclude Include="LEET_COUNT_AND_SAY.h">
      <Filter>Header Files</Filter>
    </ClInclude>
    <ClInclude Include="LEET_DELETE_NODE_IN_A_LINKED_LIST.h">
      <Filter>Header Files</Filter>
    </ClInclude>
    <ClInclude Include="LEET_EXCEL_SHEET_COLUMN_NUMBER.h">
      <Filter>Header Files</Filter>
    </ClInclude>
    <ClInclude Include="LEET_EXCEL_SHEET_COLUMN_TITLE.h">
      <Filter>Header Files</Filter>
    </ClInclude>
    <ClInclude Include="LEET_FACTORIAL_TRAILING_ZEROES.h">
      <Filter>Header Files</Filter>
    </ClInclude>
    <ClInclude Include="LEET_HOUSE_ROBBER.h">
      <Filter>Header Files</Filter>
    </ClInclude>
    <ClInclude Include="LEET_IMPLEMENT_QUEUE_USING_STACKS.h">
      <Filter>Header Files</Filter>
    </ClInclude>
    <ClInclude Include="LEET_INTEGER_TO_ROMAN.h">
      <Filter>Header Files</Filter>
    </ClInclude>
    <ClInclude Include="LEET_INTERSECTION_OF_TWO_LINKED_LISTS.h">
      <Filter>Header Files</Filter>
    </ClInclude>
    <ClInclude Include="LEET_INVERT_BINARY_TREE.h">
      <Filter>Header Files</Filter>
    </ClInclude>
    <ClInclude Include="LEET_JUMP_GAME.h">
      <Filter>Header Files</Filter>
    </ClInclude>
    <ClInclude Include="LEET_JUMP_GAME_II.h">
      <Filter>Header Files</Filter>
    </ClInclude>
    <ClInclude Include="LEET_KTH_SMALLEST_ELEMENT_IN_A_BST.h">
      <Filter>Header Files</Filter>
    </ClInclude>
    <ClInclude Include="LEET_LARGEST_NUMBER.h">
      <Filter>Header Files</Filter>
    </ClInclude>
    <ClInclude Include="LEET_LENGTH_OF_LAST_WORD.h">
      <Filter>Header Files</Filter>
    </ClInclude>
    <ClInclude Include="LEET_LINKED_LIST_CYCLE.h">
      <Filter>Header Files</Filter>
    </ClInclude>
    <ClInclude Include="LEET_LONGEST_COMMON_PREFIX.h">
      <Filter>Header Files</Filter>
    </ClInclude>
    <ClInclude Include="LEET_LONGEST_CONSECUTIVE_SEQUENCE.h">
      <Filter>Header Files</Filter>
    </ClInclude>
    <ClInclude Include="LEET_LONGEST_PALINDROMIC_SUBSTRING.h">
      <Filter>Header Files</Filter>
    </ClInclude>
    <ClInclude Include="LEET_LONGEST_SUBSTRING_WITHOUT_REPEATING_CHARACTERS.h">
      <Filter>Header Files</Filter>
    </ClInclude>
    <ClInclude Include="LEET_LOWEST_COMMON_ANCESTOR_OF_A_BINARY_SEARCH_TREE.h">
      <Filter>Header Files</Filter>
    </ClInclude>
    <ClInclude Include="LEET_LOWEST_COMMON_ANCESTOR_OF_A_BINARY_TREE.h">
      <Filter>Header Files</Filter>
    </ClInclude>
    <ClInclude Include="LEET_MAJORITY_ELEMENT.h">
      <Filter>Header Files</Filter>
    </ClInclude>
    <ClInclude Include="LEET_MAXIMUM_DEPTH_OF_BINARY_TREE.h">
      <Filter>Header Files</Filter>
    </ClInclude>
    <ClInclude Include="LEET_MEDIAN_OF_TWO_SORTED_ARRAYS.h">
      <Filter>Header Files</Filter>
    </ClInclude>
    <ClInclude Include="LEET_MERGE_K_SORTED_LISTS.h">
      <Filter>Header Files</Filter>
    </ClInclude>
    <ClInclude Include="LEET_MERGE_SORTED_ARRAY.h">
      <Filter>Header Files</Filter>
    </ClInclude>
    <ClInclude Include="LEET_MINIMUM_DEPTH_OF_BINARY_TREE.h">
      <Filter>Header Files</Filter>
    </ClInclude>
    <ClInclude Include="LEET_MIN_STACK.h">
      <Filter>Header Files</Filter>
    </ClInclude>
    <ClInclude Include="LEET_NUMBER_OF_1_BITS.h">
      <Filter>Header Files</Filter>
    </ClInclude>
    <ClInclude Include="LEET_NUMBER_OF_DIGIT_ONE.h">
      <Filter>Header Files</Filter>
    </ClInclude>
    <ClInclude Include="LEET_PALINDROME_LINKED_LIST.h">
      <Filter>Header Files</Filter>
    </ClInclude>
    <ClInclude Include="LEET_PALINDROME_NUMBER.h">
      <Filter>Header Files</Filter>
    </ClInclude>
    <ClInclude Include="LEET_PASCAL_TRIANGLE.h">
      <Filter>Header Files</Filter>
    </ClInclude>
    <ClInclude Include="LEET_PATH_SUM.h">
      <Filter>Header Files</Filter>
    </ClInclude>
    <ClInclude Include="LEET_PLUS_ONE.h">
      <Filter>Header Files</Filter>
    </ClInclude>
    <ClInclude Include="LEET_POPULATING_NEXT_RIGHT_POINTERS_IN_EACH_NODE.h">
      <Filter>Header Files</Filter>
    </ClInclude>
    <ClInclude Include="LEET_POWER_OF_TWO.h">
      <Filter>Header Files</Filter>
    </ClInclude>
    <ClInclude Include="LEET_PRODUCT_OF_ARRAY_EXCEPT_SELF.h">
      <Filter>Header Files</Filter>
    </ClInclude>
    <ClInclude Include="LEET_RECTANGLE_AREA.h">
      <Filter>Header Files</Filter>
    </ClInclude>
    <ClInclude Include="LEET_REGULAR_EXPRESSION_MATCHING.h">
      <Filter>Header Files</Filter>
    </ClInclude>
    <ClInclude Include="LEET_REMOVE_DUPLICATES_FROM_SORTED_ARRAY.h">
      <Filter>Header Files</Filter>
    </ClInclude>
    <ClInclude Include="LEET_REMOVE_DUPLICATES_FROM_SORTED_LIST.h">
      <Filter>Header Files</Filter>
    </ClInclude>
    <ClInclude Include="LEET_REMOVE_NTH_NODE_FROM_END_OF_LIST.h">
      <Filter>Header Files</Filter>
    </ClInclude>
    <ClInclude Include="LEET_REPEATED_DNA_SEQUENCES.h">
      <Filter>Header Files</Filter>
    </ClInclude>
    <ClInclude Include="LEET_REVERSE_BITS.h">
      <Filter>Header Files</Filter>
    </ClInclude>
    <ClInclude Include="LEET_REVERSE_INTEGER.h">
      <Filter>Header Files</Filter>
    </ClInclude>
    <ClInclude Include="LEET_ROMAN_TO_INTEGER.h">
      <Filter>Header Files</Filter>
    </ClInclude>
    <ClInclude Include="LEET_ROTATE_ARRAY.h">
      <Filter>Header Files</Filter>
    </ClInclude>
    <ClInclude Include="LEET_SAME_TREE.h">
      <Filter>Header Files</Filter>
    </ClInclude>
    <ClInclude Include="LEET_SINGLE_NUMBER.h">
      <Filter>Header Files</Filter>
    </ClInclude>
    <ClInclude Include="LEET_SINGLE_NUMBER_II.h">
      <Filter>Header Files</Filter>
    </ClInclude>
    <ClInclude Include="LEET_SLIDING_WINDOW_MAXIMUM.h">
      <Filter>Header Files</Filter>
    </ClInclude>
    <ClInclude Include="LEET_STRING_TO_INTEGER_ATOI.h">
      <Filter>Header Files</Filter>
    </ClInclude>
    <ClInclude Include="LEET_SUMMARY_RANGES.h">
      <Filter>Header Files</Filter>
    </ClInclude>
    <ClInclude Include="LEET_SUM_ROOT_TO_LEAF_NUMBER.h">
      <Filter>Header Files</Filter>
    </ClInclude>
    <ClInclude Include="LEET_SURROUNDED_REGIONS.h">
      <Filter>Header Files</Filter>
    </ClInclude>
    <ClInclude Include="LEET_TWO_SUM.h">
      <Filter>Header Files</Filter>
    </ClInclude>
    <ClInclude Include="LEET_UNIQUE_BINARY_SEARCH_TREES.h">
      <Filter>Header Files</Filter>
    </ClInclude>
    <ClInclude Include="LEET_VALID_PARENTHESES.h">
      <Filter>Header Files</Filter>
    </ClInclude>
    <ClInclude Include="LEET_ZIGZAG_CONVERSION.h">
      <Filter>Header Files</Filter>
    </ClInclude>
    <ClInclude Include="SPOJ_FISHER.h">
      <Filter>Header Files</Filter>
    </ClInclude>
    <ClInclude Include="SPOJ_HORRIBLE.h">
      <Filter>Header Files</Filter>
    </ClInclude>
    <ClInclude Include="SPOJ_LITE_1.h">
      <Filter>Header Files</Filter>
    </ClInclude>
    <ClInclude Include="SPOJ_LITE_2.h">
      <Filter>Header Files</Filter>
    </ClInclude>
    <ClInclude Include="SPOJ_PALIN.h">
      <Filter>Header Files</Filter>
    </ClInclude>
    <ClInclude Include="SPOJ_TEST.h">
      <Filter>Header Files</Filter>
    </ClInclude>
    <ClInclude Include="UVa100.h">
      <Filter>Header Files</Filter>
    </ClInclude>
    <ClInclude Include="UVa10003.h">
      <Filter>Header Files</Filter>
    </ClInclude>
    <ClInclude Include="UVa10004.h">
      <Filter>Header Files</Filter>
    </ClInclude>
    <ClInclude Include="UVa10020.h">
      <Filter>Header Files</Filter>
    </ClInclude>
    <ClInclude Include="UVa10034.h">
      <Filter>Header Files</Filter>
    </ClInclude>
    <ClInclude Include="UVa10077.h">
      <Filter>Header Files</Filter>
    </ClInclude>
    <ClInclude Include="UVa10082.h">
      <Filter>Header Files</Filter>
    </ClInclude>
    <ClInclude Include="UVa10141.h">
      <Filter>Header Files</Filter>
    </ClInclude>
    <ClInclude Include="UVa10147.h">
      <Filter>Header Files</Filter>
    </ClInclude>
    <ClInclude Include="UVa10158.h">
      <Filter>Header Files</Filter>
    </ClInclude>
    <ClInclude Include="UVa10226.h">
      <Filter>Header Files</Filter>
    </ClInclude>
    <ClInclude Include="UVa10243.h">
      <Filter>Header Files</Filter>
    </ClInclude>
    <ClInclude Include="UVa10278.h">
      <Filter>Header Files</Filter>
    </ClInclude>
    <ClInclude Include="UVa10281.h">
      <Filter>Header Files</Filter>
    </ClInclude>
    <ClInclude Include="UVa103.h">
      <Filter>Header Files</Filter>
    </ClInclude>
    <ClInclude Include="UVa10307.h">
      <Filter>Header Files</Filter>
    </ClInclude>
    <ClInclude Include="UVa10340.h">
      <Filter>Header Files</Filter>
    </ClInclude>
    <ClInclude Include="UVa10341.h">
      <Filter>Header Files</Filter>
    </ClInclude>
    <ClInclude Include="UVa10360.h">
      <Filter>Header Files</Filter>
    </ClInclude>
    <ClInclude Include="UVa10363.h">
      <Filter>Header Files</Filter>
    </ClInclude>
    <ClInclude Include="UVa108.h">
      <Filter>Header Files</Filter>
    </ClInclude>
    <ClInclude Include="UVa111.h">
      <Filter>Header Files</Filter>
    </ClInclude>
    <ClInclude Include="UVa116.h">
      <Filter>Header Files</Filter>
    </ClInclude>
    <ClInclude Include="UVa124.h">
      <Filter>Header Files</Filter>
    </ClInclude>
    <ClInclude Include="UVa147.h">
      <Filter>Header Files</Filter>
    </ClInclude>
    <ClInclude Include="UVa166.h">
      <Filter>Header Files</Filter>
    </ClInclude>
    <ClInclude Include="UVa186.h">
      <Filter>Header Files</Filter>
    </ClInclude>
    <ClInclude Include="UVa193.h">
      <Filter>Header Files</Filter>
    </ClInclude>
    <ClInclude Include="UVa200.h">
      <Filter>Header Files</Filter>
    </ClInclude>
    <ClInclude Include="UVa231.h">
      <Filter>Header Files</Filter>
    </ClInclude>
    <ClInclude Include="UVa260.h">
      <Filter>Header Files</Filter>
    </ClInclude>
    <ClInclude Include="UVa315.h">
      <Filter>Header Files</Filter>
    </ClInclude>
    <ClInclude Include="UVa334.h">
      <Filter>Header Files</Filter>
    </ClInclude>
    <ClInclude Include="UVa341.h">
      <Filter>Header Files</Filter>
    </ClInclude>
    <ClInclude Include="UVa352.h">
      <Filter>Header Files</Filter>
    </ClInclude>
    <ClInclude Include="UVa357.h">
      <Filter>Header Files</Filter>
    </ClInclude>
    <ClInclude Include="UVa383.h">
      <Filter>Header Files</Filter>
    </ClInclude>
    <ClInclude Include="UVa410.h">
      <Filter>Header Files</Filter>
    </ClInclude>
    <ClInclude Include="UVa417.h">
      <Filter>Header Files</Filter>
    </ClInclude>
    <ClInclude Include="UVa423.h">
      <Filter>Header Files</Filter>
    </ClInclude>
    <ClInclude Include="UVa469.h">
      <Filter>Header Files</Filter>
    </ClInclude>
    <ClInclude Include="UVa473.h">
      <Filter>Header Files</Filter>
    </ClInclude>
    <ClInclude Include="UVa481.h">
      <Filter>Header Files</Filter>
    </ClInclude>
    <ClInclude Include="UVa524.h">
      <Filter>Header Files</Filter>
    </ClInclude>
    <ClInclude Include="UVa534.h">
      <Filter>Header Files</Filter>
    </ClInclude>
    <ClInclude Include="UVa558.h">
      <Filter>Header Files</Filter>
    </ClInclude>
    <ClInclude Include="UVa562.h">
      <Filter>Header Files</Filter>
    </ClInclude>
    <ClInclude Include="UVa563.h">
      <Filter>Header Files</Filter>
    </ClInclude>
    <ClInclude Include="UVa590.h">
      <Filter>Header Files</Filter>
    </ClInclude>
    <ClInclude Include="UVa607.h">
      <Filter>Header Files</Filter>
    </ClInclude>
    <ClInclude Include="UVa610.h">
      <Filter>Header Files</Filter>
    </ClInclude>
    <ClInclude Include="UVa628.h">
      <Filter>Header Files</Filter>
    </ClInclude>
    <ClInclude Include="UVa639.h">
      <Filter>Header Files</Filter>
    </ClInclude>
    <ClInclude Include="UVa674.h">
      <Filter>Header Files</Filter>
    </ClInclude>
    <ClInclude Include="UVa679.h">
      <Filter>Header Files</Filter>
    </ClInclude>
    <ClInclude Include="UVa714.h">
      <Filter>Header Files</Filter>
    </ClInclude>
    <ClInclude Include="UVa725.h">
      <Filter>Header Files</Filter>
    </ClInclude>
    <ClInclude Include="UVa127.h">
      <Filter>Header Files</Filter>
    </ClInclude>
    <ClInclude Include="UVa146.h">
      <Filter>Header Files</Filter>
    </ClInclude>
    <ClInclude Include="UVa272.h">
      <Filter>Header Files</Filter>
    </ClInclude>
    <ClInclude Include="UVa291.h">
      <Filter>Header Files</Filter>
    </ClInclude>
    <ClInclude Include="UVa299.h">
      <Filter>Header Files</Filter>
    </ClInclude>
    <ClInclude Include="UVa336.h">
      <Filter>Header Files</Filter>
    </ClInclude>
    <ClInclude Include="UVa394.h">
      <Filter>Header Files</Filter>
    </ClInclude>
    <ClInclude Include="UVa459.h">
      <Filter>Header Files</Filter>
    </ClInclude>
    <ClInclude Include="UVa482.h">
      <Filter>Header Files</Filter>
    </ClInclude>
    <ClInclude Include="UVa483.h">
      <Filter>Header Files</Filter>
    </ClInclude>
    <ClInclude Include="UVa573.h">
      <Filter>Header Files</Filter>
    </ClInclude>
    <ClInclude Include="UVa661.h">
      <Filter>Header Files</Filter>
    </ClInclude>
    <ClInclude Include="UVa739.h">
      <Filter>Header Files</Filter>
    </ClInclude>
    <ClInclude Include="UVa750.h">
      <Filter>Header Files</Filter>
    </ClInclude>
    <ClInclude Include="UVa820.h">
      <Filter>Header Files</Filter>
    </ClInclude>
    <ClInclude Include="UVa821.h">
      <Filter>Header Files</Filter>
    </ClInclude>
    <ClInclude Include="UVa836.h">
      <Filter>Header Files</Filter>
    </ClInclude>
    <ClInclude Include="UVa837.h">
      <Filter>Header Files</Filter>
    </ClInclude>
    <ClInclude Include="UVa908.h">
      <Filter>Header Files</Filter>
    </ClInclude>
    <ClInclude Include="UVa910.h">
      <Filter>Header Files</Filter>
    </ClInclude>
    <ClInclude Include="UVa912.h">
      <Filter>Header Files</Filter>
    </ClInclude>
    <ClInclude Include="UVa925.h">
      <Filter>Header Files</Filter>
    </ClInclude>
    <ClInclude Include="UVa929.h">
      <Filter>Header Files</Filter>
    </ClInclude>
    <ClInclude Include="UVa941.h">
      <Filter>Header Files</Filter>
    </ClInclude>
    <ClInclude Include="UVa957.h">
      <Filter>Header Files</Filter>
    </ClInclude>
    <ClInclude Include="UVa990.h">
      <Filter>Header Files</Filter>
    </ClInclude>
    <ClInclude Include="LEET_SEARCH_A_2D_MATRIX_II.h">
      <Filter>Header Files</Filter>
    </ClInclude>
    <ClInclude Include="LEET_CONTAINS_DUPLICATE.h">
      <Filter>Header Files</Filter>
    </ClInclude>
    <ClInclude Include="LEET_IMPLEMENT_TRIE_PREFIX_TREE.h">
      <Filter>Header Files</Filter>
    </ClInclude>
    <ClInclude Include="LEET_MERGE_TWO_SORTED_LISTS.h">
      <Filter>Header Files</Filter>
    </ClInclude>
    <ClInclude Include="LEET_REMOVE_ELEMENT.h">
      <Filter>Header Files</Filter>
    </ClInclude>
    <ClInclude Include="LEET_VALID_ANAGRAM.h">
      <Filter>Header Files</Filter>
    </ClInclude>
    <ClInclude Include="LEET_ADD_BINARY.h">
      <Filter>Header Files</Filter>
    </ClInclude>
    <ClInclude Include="LEET_ADD_DIGITS.h">
      <Filter>Header Files</Filter>
    </ClInclude>
    <ClInclude Include="LEET_BEST_TIME_TO_BUY_AND_SELL_STOCK.h">
      <Filter>Header Files</Filter>
    </ClInclude>
    <ClInclude Include="LEET_BEST_TIME_TO_BUY_AND_SELL_STOCK_II.h">
      <Filter>Header Files</Filter>
    </ClInclude>
    <ClInclude Include="LEET_BINARY_TREE_LEVEL_ORDER_TRAVERSAL_II.h">
      <Filter>Header Files</Filter>
    </ClInclude>
    <ClInclude Include="LEET_BINARY_TREE_PATHS.h">
      <Filter>Header Files</Filter>
    </ClInclude>
    <ClInclude Include="LEET_BITWISE_AND_OF_NUMBERS_RANGE.h">
      <Filter>Header Files</Filter>
    </ClInclude>
    <ClInclude Include="LEET_COMPARE_VERSION_NUMBERS.h">
      <Filter>Header Files</Filter>
    </ClInclude>
    <ClInclude Include="LEET_CONTAINS_DUPLICATE_II.h">
      <Filter>Header Files</Filter>
    </ClInclude>
    <ClInclude Include="LEET_COUNT_PRIMES.h">
      <Filter>Header Files</Filter>
    </ClInclude>
    <ClInclude Include="LEET_FIRST_BAD_VERSION.h">
      <Filter>Header Files</Filter>
    </ClInclude>
    <ClInclude Include="LEET_GENERATE_PARENTHESES.h">
      <Filter>Header Files</Filter>
    </ClInclude>
    <ClInclude Include="LEET_H_INDEX.h">
      <Filter>Header Files</Filter>
    </ClInclude>
    <ClInclude Include="LEET_HAPPY_NUMBER.h">
      <Filter>Header Files</Filter>
    </ClInclude>
    <ClInclude Include="LEET_IMPLEMENT_STACK_USING_QUEUES.h">
      <Filter>Header Files</Filter>
    </ClInclude>
    <ClInclude Include="LEET_IMPLEMENT_STRSTR.h">
      <Filter>Header Files</Filter>
    </ClInclude>
    <ClInclude Include="LEET_ISOMORPHIC_STRINGS.h">
      <Filter>Header Files</Filter>
    </ClInclude>
    <ClInclude Include="LEET_MISSING_NUMBER.h">
      <Filter>Header Files</Filter>
    </ClInclude>
    <ClInclude Include="LEET_NUMBER_OF_ISLANDS.h">
      <Filter>Header Files</Filter>
    </ClInclude>
    <ClInclude Include="LEET_PASCALS_TRIANGLE_II.h">
      <Filter>Header Files</Filter>
    </ClInclude>
    <ClInclude Include="LEET_PERFECT_SQUARES.h">
      <Filter>Header Files</Filter>
    </ClInclude>
    <ClInclude Include="LEET_REMOVE_LINKED_LIST_ELEMENTS.h">
      <Filter>Header Files</Filter>
    </ClInclude>
    <ClInclude Include="LEET_RESTORE_IP_ADDRESSES.h">
      <Filter>Header Files</Filter>
    </ClInclude>
    <ClInclude Include="LEET_REVERSE_LINKED_LIST.h">
      <Filter>Header Files</Filter>
    </ClInclude>
    <ClInclude Include="LEET_SEARCH_A_2D_MATRIX.h">
      <Filter>Header Files</Filter>
    </ClInclude>
    <ClInclude Include="LEET_SINGLE_NUMBER_III.h">
      <Filter>Header Files</Filter>
    </ClInclude>
    <ClInclude Include="LEET_SQRTX.h">
      <Filter>Header Files</Filter>
    </ClInclude>
    <ClInclude Include="LEET_SWAP_NODES_IN_PAIRS.h">
      <Filter>Header Files</Filter>
    </ClInclude>
    <ClInclude Include="LEET_SYMMETRIC_TREE.h">
      <Filter>Header Files</Filter>
    </ClInclude>
    <ClInclude Include="LEET_UGLY_NUMBER.h">
      <Filter>Header Files</Filter>
    </ClInclude>
    <ClInclude Include="LEET_UGLY_NUMBER_II.h">
      <Filter>Header Files</Filter>
    </ClInclude>
    <ClInclude Include="LEET_VALID_PALINDROME.h">
      <Filter>Header Files</Filter>
    </ClInclude>
    <ClInclude Include="LEET_VALID_SUDOKU.h">
      <Filter>Header Files</Filter>
    </ClInclude>
    <ClInclude Include="LEET_DIVIDE_TWO_INTEGERS.h">
      <Filter>Header Files</Filter>
    </ClInclude>
    <ClInclude Include="LEET_BEST_TIME_TO_BUY_AND_SELL_STOCK_III.h">
      <Filter>Header Files</Filter>
    </ClInclude>
    <ClInclude Include="LEET_BINARY_TREE_POSTORDER_TRAVERSAL.h">
      <Filter>Header Files</Filter>
    </ClInclude>
    <ClInclude Include="LEET_CONVERT_SORTED_ARRAY_TO_BINARY_SEARCH_TREE.h">
      <Filter>Header Files</Filter>
    </ClInclude>
    <ClInclude Include="LEET_FLATTEN_BINARY_TREE_TO_LINKED_LIST.h">
      <Filter>Header Files</Filter>
    </ClInclude>
    <ClInclude Include="LEET_GAS_STATION.h">
      <Filter>Header Files</Filter>
    </ClInclude>
    <ClInclude Include="LEET_FIND_MINIMUM_IN_ROTATED_SORTED_ARRAY.h">
      <Filter>Header Files</Filter>
    </ClInclude>
    <ClInclude Include="LEET_GRAY_CODE.h">
      <Filter>Header Files</Filter>
    </ClInclude>
    <ClInclude Include="LEET_MAXIMUM_PRODUCT_SUBARRAY.h">
      <Filter>Header Files</Filter>
    </ClInclude>
    <ClInclude Include="LEET_MAXIMUM_SUBARRAY.h">
      <Filter>Header Files</Filter>
    </ClInclude>
    <ClInclude Include="LEET_MINIMUM_PATH_SUM.h">
      <Filter>Header Files</Filter>
    </ClInclude>
    <ClInclude Include="LEET_MOVE_ZEROES.h">
      <Filter>Header Files</Filter>
    </ClInclude>
    <ClInclude Include="LEET_PEEKING_ITERATOR.h">
      <Filter>Header Files</Filter>
    </ClInclude>
    <ClInclude Include="LEET_PERMUTATIONS.h">
      <Filter>Header Files</Filter>
    </ClInclude>
    <ClInclude Include="LEET_SEARCH_INSERT_POSITION.h">
      <Filter>Header Files</Filter>
    </ClInclude>
    <ClInclude Include="LEET_SET_MATRIX_ZEROES.h">
      <Filter>Header Files</Filter>
    </ClInclude>
    <ClInclude Include="LEET_ROTATE_IMAGE.h">
      <Filter>Header Files</Filter>
    </ClInclude>
    <ClInclude Include="LEET_SORT_COLORS.h">
      <Filter>Header Files</Filter>
    </ClInclude>
    <ClInclude Include="LEET_SPIRAL_MATRIX.h">
      <Filter>Header Files</Filter>
    </ClInclude>
    <ClInclude Include="LEET_SPIRAL_MATRIX_II.h">
      <Filter>Header Files</Filter>
    </ClInclude>
    <ClInclude Include="LEET_SUBSETS.h">
      <Filter>Header Files</Filter>
    </ClInclude>
    <ClInclude Include="LEET_SUBSETS_II.h">
      <Filter>Header Files</Filter>
    </ClInclude>
    <ClInclude Include="LEET_UNIQUE_PATHS.h">
      <Filter>Header Files</Filter>
    </ClInclude>
    <ClInclude Include="LEET_UNIQUE_PATHS_II.h">
      <Filter>Header Files</Filter>
    </ClInclude>
    <ClInclude Include="LEET_VALIDATE_BINARY_SEARCH_TREE.h">
      <Filter>Header Files</Filter>
    </ClInclude>
    <ClInclude Include="LEET_POW_X_N.h">
      <Filter>Header Files</Filter>
    </ClInclude>
    <ClInclude Include="LEET_BASIC_CALCULATOR_II.h">
      <Filter>Header Files</Filter>
    </ClInclude>
    <ClInclude Include="LEET_BASIC_CALCULATOR.h">
      <Filter>Header Files</Filter>
    </ClInclude>
    <ClInclude Include="LEET_BULB_SWITCHER.h">
      <Filter>Header Files</Filter>
    </ClInclude>
    <ClInclude Include="LEET_BULLS_AND_COWS.h">
      <Filter>Header Files</Filter>
    </ClInclude>
    <ClInclude Include="LEET_BURST_BALLOONS.h">
      <Filter>Header Files</Filter>
    </ClInclude>
    <ClInclude Include="LEET_COMBINATIONS.h">
      <Filter>Header Files</Filter>
    </ClInclude>
    <ClInclude Include="LEET_FIND_MEDIAN_FROM_DATA_STREAM.h">
      <Filter>Header Files</Filter>
    </ClInclude>
    <ClInclude Include="LEET_FIND_PEAK_ELEMENT.h">
      <Filter>Header Files</Filter>
    </ClInclude>
    <ClInclude Include="LEET_FIND_THE_DUPLICATE_NUMBER.h">
      <Filter>Header Files</Filter>
    </ClInclude>
    <ClInclude Include="LEET_GAME_OF_LIFE.h">
      <Filter>Header Files</Filter>
    </ClInclude>
    <ClInclude Include="LEET_MULTIPLY_STRINGS.h">
      <Filter>Header Files</Filter>
    </ClInclude>
    <ClInclude Include="LEET_NIM_GAME.h">
      <Filter>Header Files</Filter>
    </ClInclude>
    <ClInclude Include="LEET_POPULATING_NEXT_RIGHT_POINTERS_IN_EACH_NODE_II.h">
      <Filter>Header Files</Filter>
    </ClInclude>
    <ClInclude Include="LEET_RANGE_SUM_QUERY_2D_IMMUTABLE.h">
      <Filter>Header Files</Filter>
    </ClInclude>
    <ClInclude Include="LEET_RANGE_SUM_QUERY_IMMUTABLE.h">
      <Filter>Header Files</Filter>
    </ClInclude>
    <ClInclude Include="LEET_RANGE_SUM_QUERY_MUTABLE.h">
      <Filter>Header Files</Filter>
    </ClInclude>
    <ClInclude Include="LEET_SERIALIZE_AND_DESERIALIZE_BINARY_TREE.h">
      <Filter>Header Files</Filter>
    </ClInclude>
    <ClInclude Include="LEET_SUDOKU_SOLVER.h">
      <Filter>Header Files</Filter>
    </ClInclude>
    <ClInclude Include="LEET_WORD_PATTERN.h">
      <Filter>Header Files</Filter>
    </ClInclude>
    <ClInclude Include="LEET_COUNT_COMPLETE_TREE_NODES.h">
      <Filter>Header Files</Filter>
    </ClInclude>
    <ClInclude Include="LEET_COIN_CHANGE.h">
      <Filter>Header Files</Filter>
    </ClInclude>
    <ClInclude Include="LEET_MAXIMUM_PRODUCT_OF_WORD_LENGTHS.h">
      <Filter>Header Files</Filter>
    </ClInclude>
    <ClInclude Include="LEET_POWER_OF_THREE.h">
      <Filter>Header Files</Filter>
    </ClInclude>
    <ClInclude Include="LEET_MULTIPLY_STRINGS_2.h">
      <Filter>Header Files</Filter>
    </ClInclude>
    <ClInclude Include="LEET_ODD_EVEN_LINKED_LIST.h">
      <Filter>Header Files</Filter>
    </ClInclude>
    <ClInclude Include="LEET_CLONE_GRAPH.h">
      <Filter>Header Files</Filter>
    </ClInclude>
    <ClInclude Include="LEET_KTH_LARGEST_ELEMENT_IN_AN_ARRAY.h">
      <Filter>Header Files</Filter>
    </ClInclude>
    <ClInclude Include="LEET_RECONSTRUCT_ITINERARY.h">
      <Filter>Header Files</Filter>
    </ClInclude>
    <ClInclude Include="LEET_VERIFY_PREORDER_SERIALIZATION_OF_A_BINARY_TREE.h">
      <Filter>Header Files</Filter>
    </ClInclude>
    <ClInclude Include="LEET_FRACTION_TO_RECURRING_DECIMAL.h">
      <Filter>Header Files</Filter>
    </ClInclude>
    <ClInclude Include="LEET_PARTITION_LIST.h">
      <Filter>Header Files</Filter>
    </ClInclude>
    <ClInclude Include="LEET_REVERSE_WORDS_IN_A_STRING.h">
      <Filter>Header Files</Filter>
    </ClInclude>
    <ClInclude Include="LEET_DECODE_WAYS.h">
      <Filter>Header Files</Filter>
    </ClInclude>
    <ClInclude Include="LEET_MAX_POINTS_ON_A_LINE.h">
      <Filter>Header Files</Filter>
    </ClInclude>
    <ClInclude Include="LEET_COUNT_OF_SMALLER_NUMBERS_AFTER_SELF.h">
      <Filter>Header Files</Filter>
    </ClInclude>
    <ClInclude Include="LEET_LINKED_LIST_CYCLE_II.h">
      <Filter>Header Files</Filter>
    </ClInclude>
    <ClInclude Include="LEET_SEARCH_FOR_A_RANGE.h">
      <Filter>Header Files</Filter>
    </ClInclude>
    <ClInclude Include="LEET_UNIQUE_BINARY_SEARCH_TREES_II.h">
      <Filter>Header Files</Filter>
    </ClInclude>
    <ClInclude Include="LEET_MINIMUM_HEIGHT_TREES.h">
      <Filter>Header Files</Filter>
    </ClInclude>
    <ClInclude Include="LEET_THE_SKYLINE_PROBLEM.h">
      <Filter>Header Files</Filter>
    </ClInclude>
    <ClInclude Include="LEET_TEXT_JUSTIFICATION.h">
      <Filter>Header Files</Filter>
    </ClInclude>
    <ClInclude Include="LEET_POWER_OF_FOUR.h">
      <Filter>Header Files</Filter>
    </ClInclude>
    <ClInclude Include="LEET_REVERSE_STRING.h">
      <Filter>Header Files</Filter>
    </ClInclude>
    <ClInclude Include="LEET_REVERSE_VOWELS_OF_A_STRING.h">
      <Filter>Header Files</Filter>
    </ClInclude>
    <ClInclude Include="LEET_INTERSECTION_OF_TWO_ARRAYS.h">
      <Filter>Header Files</Filter>
    </ClInclude>
    <ClInclude Include="LEET_DATA_STREAM_AS_DISJOINT_INTERVALS.h">
      <Filter>Header Files</Filter>
    </ClInclude>
    <ClInclude Include="LEET_INTERSECTION_OF_TWO_ARRAYS_II.h">
      <Filter>Header Files</Filter>
    </ClInclude>
    <ClInclude Include="LEET_WORD_LADDER.h">
      <Filter>Header Files</Filter>
    </ClInclude>
    <ClInclude Include="SPOJ_SAMER08F.h">
      <Filter>Header Files</Filter>
    </ClInclude>
    <ClInclude Include="LEET_COUNT_NUMBERS_WITH_UNIQUE_DIGITS.h">
      <Filter>Header Files</Filter>
    </ClInclude>
    <ClInclude Include="LEET_VALID_PERFECT_SQUARE.h">
      <Filter>Header Files</Filter>
    </ClInclude>
    <ClInclude Include="LEET_WATER_AND_JUG_PROBLEM.h">
      <Filter>Header Files</Filter>
    </ClInclude>
    <ClInclude Include="LEET_LRU_CACHE.h">
      <Filter>Header Files</Filter>
    </ClInclude>
    <ClInclude Include="LEET_DESIGN_TWITTER.h">
      <Filter>Header Files</Filter>
    </ClInclude>
    <ClInclude Include="LEET_RUSSIAN_DOLL_ENVELOPES.h">
      <Filter>Header Files</Filter>
    </ClInclude>
    <ClInclude Include="LEET_LARGEST_DIVISIBLE_SUBSET.h">
      <Filter>Header Files</Filter>
    </ClInclude>
    <ClInclude Include="LEET_WIGGLE_SUBSEQUENCE.h">
      <Filter>Header Files</Filter>
    </ClInclude>
    <ClInclude Include="LEET_GUESS_NUMBER_HIGHER_OR_LOWER.h">
      <Filter>Header Files</Filter>
    </ClInclude>
    <ClInclude Include="LEET_LONGEST_ABSOLUTE_FILE_PATH.h">
      <Filter>Header Files</Filter>
    </ClInclude>
    <ClInclude Include="LEET_FIRST_UNIQUE_CHARACTER_IN_A_STRING.h">
      <Filter>Header Files</Filter>
    </ClInclude>
    <ClInclude Include="LEET_LEXICOGRAPHICAL_NUMBERS.h">
      <Filter>Header Files</Filter>
    </ClInclude>
    <ClInclude Include="LEET_FIND_THE_DIFFERENCE.h">
      <Filter>Header Files</Filter>
    </ClInclude>
    <ClInclude Include="LEET_ELIMINATION_GAME.h">
      <Filter>Header Files</Filter>
    </ClInclude>
    <ClInclude Include="LEET_PERFECT_RECTANGLE.h">
      <Filter>Header Files</Filter>
    </ClInclude>
    <ClInclude Include="LEET_MINI_PARSER.h">
      <Filter>Header Files</Filter>
    </ClInclude>
    <ClInclude Include="LEET_SHUFFLE_AN_ARRAY.h">
      <Filter>Header Files</Filter>
    </ClInclude>
    <ClInclude Include="LEET_INTEGER_REPLACEMENT.h">
      <Filter>Header Files</Filter>
    </ClInclude>
    <ClInclude Include="LEET_RANDOM_PICK_INDEX.h">
      <Filter>Header Files</Filter>
    </ClInclude>
    <ClInclude Include="LEET_EVALUATE_DIVISION.h">
      <Filter>Header Files</Filter>
    </ClInclude>
    <ClInclude Include="LEET_ROTATE_FUNCTION.h">
      <Filter>Header Files</Filter>
    </ClInclude>
    <ClInclude Include="LEET_NTH_DIGIT.h">
      <Filter>Header Files</Filter>
    </ClInclude>
    <ClInclude Include="LEET_BINARY_WATCH.h">
      <Filter>Header Files</Filter>
    </ClInclude>
    <ClInclude Include="LEET_QUEUE_RECONSTRUCTION_BY_HEIGHT.h">
      <Filter>Header Files</Filter>
    </ClInclude>
    <ClInclude Include="LEET_REMOVE_K_DIGITS.h">
      <Filter>Header Files</Filter>
    </ClInclude>
    <ClInclude Include="LEET_SPLIT_ARRAY_LARGEST_SUM.h">
      <Filter>Header Files</Filter>
    </ClInclude>
    <ClInclude Include="LEET_PATCHING_ARRAY.h">
      <Filter>Header Files</Filter>
    </ClInclude>
    <ClInclude Include="LEET_RECONSTRUCT_ORIGINAL_DIGITS_FROM_ENGLISH.h">
      <Filter>Header Files</Filter>
    </ClInclude>
    <ClInclude Include="LEET_LONGEST_REPEATING_CHARACTER_REPLACEMENT.h">
      <Filter>Header Files</Filter>
    </ClInclude>
    <ClInclude Include="LEET_ARITHMETIC_SLICES.h">
      <Filter>Header Files</Filter>
    </ClInclude>
    <ClInclude Include="LEET_FIZZ_BUZZ.h">
      <Filter>Header Files</Filter>
    </ClInclude>
    <ClInclude Include="LEET_SUM_OF_TWO_INTEGERS.h">
      <Filter>Header Files</Filter>
    </ClInclude>
    <ClInclude Include="LEET_SUM_OF_LEFT_LEAVES.h">
      <Filter>Header Files</Filter>
    </ClInclude>
    <ClInclude Include="LEET_RANSOM_NOTE.h">
      <Filter>Header Files</Filter>
    </ClInclude>
    <ClInclude Include="LEET_LONGEST_PALINDROME.h">
      <Filter>Header Files</Filter>
    </ClInclude>
    <ClInclude Include="LEET_ADD_STRINGS.h">
      <Filter>Header Files</Filter>
    </ClInclude>
    <ClInclude Include="LEET_CONVERT_A_NUMBER_TO_HEXADECIMAL.h">
      <Filter>Header Files</Filter>
    </ClInclude>
    <ClInclude Include="LEET_THIRD_MAXIMUM_NUMBER.h">
      <Filter>Header Files</Filter>
    </ClInclude>
    <ClInclude Include="LEET_FIND_ALL_ANAGRAMS_IN_A_STRING.h">
      <Filter>Header Files</Filter>
    </ClInclude>
    <ClInclude Include="LEET_PATH_SUM_III.h">
      <Filter>Header Files</Filter>
    </ClInclude>
    <ClInclude Include="HACKER_RANK_FLIPPING_THE_MATRIX.h">
      <Filter>Header Files</Filter>
    </ClInclude>
    <ClInclude Include="LEET_BATTLESHIPS_IN_A_BOARD.h">
      <Filter>Header Files</Filter>
    </ClInclude>
    <ClInclude Include="LEET_COUNTING_BITS.h">
      <Filter>Header Files</Filter>
    </ClInclude>
    <ClInclude Include="HACKER_RANK_NEW_YEAR_CHAOS.h">
      <Filter>Header Files</Filter>
    </ClInclude>
    <ClInclude Include="LEET_PATH_SUM_II.h">
      <Filter>Header Files</Filter>
    </ClInclude>
    <ClInclude Include="LEET_IS_SUBSEQUENCE.h">
      <Filter>Header Files</Filter>
    </ClInclude>
    <ClInclude Include="LEET_NEXT_PERMUTATION.h">
      <Filter>Header Files</Filter>
    </ClInclude>
    <ClInclude Include="LEET_EVALUATE_REVERSE_POLISH_NOTATION.h">
      <Filter>Header Files</Filter>
    </ClInclude>
    <ClInclude Include="HACKER_RANK_S10_BASIC_STATISTICS.h">
      <Filter>Header Files</Filter>
    </ClInclude>
    <ClInclude Include="HACKER_RANK_S10_WEIGHTED_MEAN.h">
      <Filter>Header Files</Filter>
    </ClInclude>
    <ClInclude Include="HACKER_RANK_CAMEL_CASE.h">
      <Filter>Header Files</Filter>
    </ClInclude>
    <ClInclude Include="LEET_EDIT_DISTANCE.h">
      <Filter>Header Files</Filter>
    </ClInclude>
    <ClInclude Include="LEET_ROTATE_LIST.h">
      <Filter>Header Files</Filter>
    </ClInclude>
    <ClInclude Include="HACKER_RANK_S10_QUARTILES.h">
      <Filter>Header Files</Filter>
    </ClInclude>
    <ClInclude Include="HACKER_RANK_S10_INTERQUARTILE_RANGE.h">
      <Filter>Header Files</Filter>
    </ClInclude>
  </ItemGroup>
  <ItemGroup>
    <ClCompile Include="stdafx.cpp">
      <Filter>Source Files</Filter>
    </ClCompile>
    <ClCompile Include="UVa11631.cpp">
      <Filter>Source Files</Filter>
    </ClCompile>
    <ClCompile Include="UVa11506.cpp">
      <Filter>Source Files</Filter>
    </ClCompile>
    <ClCompile Include="UVa11504.cpp">
      <Filter>Source Files</Filter>
    </ClCompile>
    <ClCompile Include="UVa11503.cpp">
      <Filter>Source Files</Filter>
    </ClCompile>
    <ClCompile Include="UVa11462.cpp">
      <Filter>Source Files</Filter>
    </ClCompile>
    <ClCompile Include="UVa11450.cpp">
      <Filter>Source Files</Filter>
    </ClCompile>
    <ClCompile Include="UVa11369.cpp">
      <Filter>Source Files</Filter>
    </ClCompile>
    <ClCompile Include="UVa11297.cpp">
      <Filter>Source Files</Filter>
    </ClCompile>
    <ClCompile Include="UVa11292.cpp">
      <Filter>Source Files</Filter>
    </ClCompile>
    <ClCompile Include="UVa11242.cpp">
      <Filter>Source Files</Filter>
    </ClCompile>
    <ClCompile Include="UVa11235.cpp">
      <Filter>Source Files</Filter>
    </ClCompile>
    <ClCompile Include="UVa11228.cpp">
      <Filter>Source Files</Filter>
    </ClCompile>
    <ClCompile Include="UVa11054.cpp">
      <Filter>Source Files</Filter>
    </ClCompile>
    <ClCompile Include="UVa10928.cpp">
      <Filter>Source Files</Filter>
    </ClCompile>
    <ClCompile Include="UVa10911.cpp">
      <Filter>Source Files</Filter>
    </ClCompile>
    <ClCompile Include="UVa10891.cpp">
      <Filter>Source Files</Filter>
    </ClCompile>
    <ClCompile Include="UVa10842.cpp">
      <Filter>Source Files</Filter>
    </ClCompile>
    <ClCompile Include="UVa10779.cpp">
      <Filter>Source Files</Filter>
    </ClCompile>
    <ClCompile Include="UVa10763.cpp">
      <Filter>Source Files</Filter>
    </ClCompile>
    <ClCompile Include="UVa10731.cpp">
      <Filter>Source Files</Filter>
    </ClCompile>
    <ClCompile Include="UVa10670.cpp">
      <Filter>Source Files</Filter>
    </ClCompile>
    <ClCompile Include="UVa10651.cpp">
      <Filter>Source Files</Filter>
    </ClCompile>
    <ClCompile Include="UVa10369.cpp">
      <Filter>Source Files</Filter>
    </ClCompile>
    <ClCompile Include="UVa10397.cpp">
      <Filter>Source Files</Filter>
    </ClCompile>
    <ClCompile Include="UVa10420.cpp">
      <Filter>Source Files</Filter>
    </ClCompile>
    <ClCompile Include="UVa10440.cpp">
      <Filter>Source Files</Filter>
    </ClCompile>
    <ClCompile Include="UVa10480.cpp">
      <Filter>Source Files</Filter>
    </ClCompile>
    <ClCompile Include="UVa10505.cpp">
      <Filter>Source Files</Filter>
    </ClCompile>
    <ClCompile Include="UVa10511.cpp">
      <Filter>Source Files</Filter>
    </ClCompile>
    <ClCompile Include="UVa10557.cpp">
      <Filter>Source Files</Filter>
    </ClCompile>
    <ClCompile Include="UVa10594.cpp">
      <Filter>Source Files</Filter>
    </ClCompile>
    <ClCompile Include="UVa10600.cpp">
      <Filter>Source Files</Filter>
    </ClCompile>
    <ClCompile Include="UVa10603.cpp">
      <Filter>Source Files</Filter>
    </ClCompile>
    <ClCompile Include="LEET_3SUM.cpp">
      <Filter>Source Files</Filter>
    </ClCompile>
    <ClCompile Include="LEET_ADD_AND_SEARCH_WORD.cpp">
      <Filter>Source Files</Filter>
    </ClCompile>
    <ClCompile Include="LEET_ADD_TWO_NUMBERS.cpp">
      <Filter>Source Files</Filter>
    </ClCompile>
    <ClCompile Include="LEET_BALANCED_BINARY_TREE.cpp">
      <Filter>Source Files</Filter>
    </ClCompile>
    <ClCompile Include="LEET_BINARY_SEARCH_TREE_ITERATOR.cpp">
      <Filter>Source Files</Filter>
    </ClCompile>
    <ClCompile Include="LEET_BINARY_TREE_INORDER_TRAVERSAL.cpp">
      <Filter>Source Files</Filter>
    </ClCompile>
    <ClCompile Include="LEET_BINARY_TREE_LEVEL_ORDER_TRAVERSAL.cpp">
      <Filter>Source Files</Filter>
    </ClCompile>
    <ClCompile Include="LEET_BINARY_TREE_PREORDER_TRAVERSAL.cpp">
      <Filter>Source Files</Filter>
    </ClCompile>
    <ClCompile Include="LEET_BINARY_TREE_RIGHT_SIDE_VIEW.cpp">
      <Filter>Source Files</Filter>
    </ClCompile>
    <ClCompile Include="LEET_CLIMBING_STAIRS.cpp">
      <Filter>Source Files</Filter>
    </ClCompile>
    <ClCompile Include="LEET_CONSTRUCT_BINARY_TREE_FROM_INORDER_AND_POSTORDER_TRAVERSAL.cpp">
      <Filter>Source Files</Filter>
    </ClCompile>
    <ClCompile Include="LEET_CONSTRUCT_BINARY_TREE_FROM_PREORDER_AND_INORDER_TRAVERSAL.cpp">
      <Filter>Source Files</Filter>
    </ClCompile>
    <ClCompile Include="LEET_CONTAINER_WITH_MOST_WATER.cpp">
      <Filter>Source Files</Filter>
    </ClCompile>
    <ClCompile Include="LEET_COUNT_AND_SAY.cpp">
      <Filter>Source Files</Filter>
    </ClCompile>
    <ClCompile Include="LEET_DELETE_NODE_IN_A_LINKED_LIST.cpp">
      <Filter>Source Files</Filter>
    </ClCompile>
    <ClCompile Include="LEET_EXCEL_SHEET_COLUMN_NUMBER.cpp">
      <Filter>Source Files</Filter>
    </ClCompile>
    <ClCompile Include="LEET_EXCEL_SHEET_COLUMN_TITLE.cpp">
      <Filter>Source Files</Filter>
    </ClCompile>
    <ClCompile Include="LEET_FACTORIAL_TRAILING_ZEROES.cpp">
      <Filter>Source Files</Filter>
    </ClCompile>
    <ClCompile Include="LEET_HOUSE_ROBBER.cpp">
      <Filter>Source Files</Filter>
    </ClCompile>
    <ClCompile Include="LEET_IMPLEMENT_QUEUE_USING_STACKS.cpp">
      <Filter>Source Files</Filter>
    </ClCompile>
    <ClCompile Include="LEET_INTEGER_TO_ROMAN.cpp">
      <Filter>Source Files</Filter>
    </ClCompile>
    <ClCompile Include="LEET_INTERSECTION_OF_TWO_LINKED_LISTS.cpp">
      <Filter>Source Files</Filter>
    </ClCompile>
    <ClCompile Include="LEET_INVERT_BINARY_TREE.cpp">
      <Filter>Source Files</Filter>
    </ClCompile>
    <ClCompile Include="LEET_JUMP_GAME.cpp">
      <Filter>Source Files</Filter>
    </ClCompile>
    <ClCompile Include="LEET_JUMP_GAME_II.cpp">
      <Filter>Source Files</Filter>
    </ClCompile>
    <ClCompile Include="LEET_KTH_SMALLEST_ELEMENT_IN_A_BST.cpp">
      <Filter>Source Files</Filter>
    </ClCompile>
    <ClCompile Include="LEET_LARGEST_NUMBER.cpp">
      <Filter>Source Files</Filter>
    </ClCompile>
    <ClCompile Include="LEET_LENGTH_OF_LAST_WORD.cpp">
      <Filter>Source Files</Filter>
    </ClCompile>
    <ClCompile Include="LEET_LINKED_LIST_CYCLE.cpp">
      <Filter>Source Files</Filter>
    </ClCompile>
    <ClCompile Include="LEET_LONGEST_COMMON_PREFIX.cpp">
      <Filter>Source Files</Filter>
    </ClCompile>
    <ClCompile Include="LEET_LONGEST_CONSECUTIVE_SEQUENCE.cpp">
      <Filter>Source Files</Filter>
    </ClCompile>
    <ClCompile Include="LEET_LONGEST_PALINDROMIC_SUBSTRING.cpp">
      <Filter>Source Files</Filter>
    </ClCompile>
    <ClCompile Include="LEET_LONGEST_SUBSTRING_WITHOUT_REPEATING_CHARACTERS.cpp">
      <Filter>Source Files</Filter>
    </ClCompile>
    <ClCompile Include="LEET_LOWEST_COMMON_ANCESTOR_OF_A_BINARY_SEARCH_TREE.cpp">
      <Filter>Source Files</Filter>
    </ClCompile>
    <ClCompile Include="LEET_LOWEST_COMMON_ANCESTOR_OF_A_BINARY_TREE.cpp">
      <Filter>Source Files</Filter>
    </ClCompile>
    <ClCompile Include="LEET_MAJORITY_ELEMENT.cpp">
      <Filter>Source Files</Filter>
    </ClCompile>
    <ClCompile Include="LEET_MAXIMUM_DEPTH_OF_BINARY_TREE.cpp">
      <Filter>Source Files</Filter>
    </ClCompile>
    <ClCompile Include="LEET_MEDIAN_OF_TWO_SORTED_ARRAYS.cpp">
      <Filter>Source Files</Filter>
    </ClCompile>
    <ClCompile Include="LEET_MERGE_K_SORTED_LISTS.cpp">
      <Filter>Source Files</Filter>
    </ClCompile>
    <ClCompile Include="LEET_MERGE_SORTED_ARRAY.cpp">
      <Filter>Source Files</Filter>
    </ClCompile>
    <ClCompile Include="LEET_MINIMUM_DEPTH_OF_BINARY_TREE.cpp">
      <Filter>Source Files</Filter>
    </ClCompile>
    <ClCompile Include="LEET_MIN_STACK.cpp">
      <Filter>Source Files</Filter>
    </ClCompile>
    <ClCompile Include="LEET_NUMBER_OF_1_BITS.cpp">
      <Filter>Source Files</Filter>
    </ClCompile>
    <ClCompile Include="LEET_NUMBER_OF_DIGIT_ONE.cpp">
      <Filter>Source Files</Filter>
    </ClCompile>
    <ClCompile Include="LEET_PALINDROME_LINKED_LIST.cpp">
      <Filter>Source Files</Filter>
    </ClCompile>
    <ClCompile Include="LEET_PALINDROME_NUMBER.cpp">
      <Filter>Source Files</Filter>
    </ClCompile>
    <ClCompile Include="LEET_PASCAL_TRIANGLE.cpp">
      <Filter>Source Files</Filter>
    </ClCompile>
    <ClCompile Include="LEET_PATH_SUM.cpp">
      <Filter>Source Files</Filter>
    </ClCompile>
    <ClCompile Include="LEET_PLUS_ONE.cpp">
      <Filter>Source Files</Filter>
    </ClCompile>
    <ClCompile Include="LEET_POPULATING_NEXT_RIGHT_POINTERS_IN_EACH_NODE.cpp">
      <Filter>Source Files</Filter>
    </ClCompile>
    <ClCompile Include="LEET_POWER_OF_TWO.cpp">
      <Filter>Source Files</Filter>
    </ClCompile>
    <ClCompile Include="LEET_PRODUCT_OF_ARRAY_EXCEPT_SELF.cpp">
      <Filter>Source Files</Filter>
    </ClCompile>
    <ClCompile Include="LEET_RECTANGLE_AREA.cpp">
      <Filter>Source Files</Filter>
    </ClCompile>
    <ClCompile Include="LEET_REGULAR_EXPRESSION_MATCHING.cpp">
      <Filter>Source Files</Filter>
    </ClCompile>
    <ClCompile Include="LEET_REMOVE_DUPLICATES_FROM_SORTED_ARRAY.cpp">
      <Filter>Source Files</Filter>
    </ClCompile>
    <ClCompile Include="LEET_REMOVE_DUPLICATES_FROM_SORTED_LIST.cpp">
      <Filter>Source Files</Filter>
    </ClCompile>
    <ClCompile Include="LEET_REMOVE_NTH_NODE_FROM_END_OF_LIST.cpp">
      <Filter>Source Files</Filter>
    </ClCompile>
    <ClCompile Include="LEET_REPEATED_DNA_SEQUENCES.cpp">
      <Filter>Source Files</Filter>
    </ClCompile>
    <ClCompile Include="LEET_REVERSE_BITS.cpp">
      <Filter>Source Files</Filter>
    </ClCompile>
    <ClCompile Include="LEET_REVERSE_INTEGER.cpp">
      <Filter>Source Files</Filter>
    </ClCompile>
    <ClCompile Include="LEET_ROMAN_TO_INTEGER.cpp">
      <Filter>Source Files</Filter>
    </ClCompile>
    <ClCompile Include="LEET_ROTATE_ARRAY.cpp">
      <Filter>Source Files</Filter>
    </ClCompile>
    <ClCompile Include="LEET_SAME_TREE.cpp">
      <Filter>Source Files</Filter>
    </ClCompile>
    <ClCompile Include="LEET_SINGLE_NUMBER.cpp">
      <Filter>Source Files</Filter>
    </ClCompile>
    <ClCompile Include="LEET_SINGLE_NUMBER_II.cpp">
      <Filter>Source Files</Filter>
    </ClCompile>
    <ClCompile Include="LEET_SLIDING_WINDOW_MAXIMUM.cpp">
      <Filter>Source Files</Filter>
    </ClCompile>
    <ClCompile Include="LEET_STRING_TO_INTEGER_ATOI.cpp">
      <Filter>Source Files</Filter>
    </ClCompile>
    <ClCompile Include="LEET_SUMMARY_RANGES.cpp">
      <Filter>Source Files</Filter>
    </ClCompile>
    <ClCompile Include="LEET_SUM_ROOT_TO_LEAF_NUMBER.cpp">
      <Filter>Source Files</Filter>
    </ClCompile>
    <ClCompile Include="LEET_SURROUNDED_REGIONS.cpp">
      <Filter>Source Files</Filter>
    </ClCompile>
    <ClCompile Include="LEET_TWO_SUM.cpp">
      <Filter>Source Files</Filter>
    </ClCompile>
    <ClCompile Include="LEET_UNIQUE_BINARY_SEARCH_TREES.cpp">
      <Filter>Source Files</Filter>
    </ClCompile>
    <ClCompile Include="LEET_VALID_PARENTHESES.cpp">
      <Filter>Source Files</Filter>
    </ClCompile>
    <ClCompile Include="LEET_ZIGZAG_CONVERSION.cpp">
      <Filter>Source Files</Filter>
    </ClCompile>
    <ClCompile Include="main.cpp">
      <Filter>Source Files</Filter>
    </ClCompile>
    <ClCompile Include="SPOJ_FISHER.cpp">
      <Filter>Source Files</Filter>
    </ClCompile>
    <ClCompile Include="SPOJ_HORRIBLE.cpp">
      <Filter>Source Files</Filter>
    </ClCompile>
    <ClCompile Include="SPOJ_LITE_1.cpp">
      <Filter>Source Files</Filter>
    </ClCompile>
    <ClCompile Include="SPOJ_LITE_2.cpp">
      <Filter>Source Files</Filter>
    </ClCompile>
    <ClCompile Include="SPOJ_PALIN.cpp">
      <Filter>Source Files</Filter>
    </ClCompile>
    <ClCompile Include="SPOJ_TEST.cpp">
      <Filter>Source Files</Filter>
    </ClCompile>
    <ClCompile Include="UVa100.cpp">
      <Filter>Source Files</Filter>
    </ClCompile>
    <ClCompile Include="UVa10003.cpp">
      <Filter>Source Files</Filter>
    </ClCompile>
    <ClCompile Include="UVa10004.cpp">
      <Filter>Source Files</Filter>
    </ClCompile>
    <ClCompile Include="UVa10020.cpp">
      <Filter>Source Files</Filter>
    </ClCompile>
    <ClCompile Include="UVa10034.cpp">
      <Filter>Source Files</Filter>
    </ClCompile>
    <ClCompile Include="UVa10077.cpp">
      <Filter>Source Files</Filter>
    </ClCompile>
    <ClCompile Include="UVa10082.cpp">
      <Filter>Source Files</Filter>
    </ClCompile>
    <ClCompile Include="UVa10141.cpp">
      <Filter>Source Files</Filter>
    </ClCompile>
    <ClCompile Include="UVa10147.cpp">
      <Filter>Source Files</Filter>
    </ClCompile>
    <ClCompile Include="UVa10158.cpp">
      <Filter>Source Files</Filter>
    </ClCompile>
    <ClCompile Include="UVa10226.cpp">
      <Filter>Source Files</Filter>
    </ClCompile>
    <ClCompile Include="UVa10243.cpp">
      <Filter>Source Files</Filter>
    </ClCompile>
    <ClCompile Include="UVa10278.cpp">
      <Filter>Source Files</Filter>
    </ClCompile>
    <ClCompile Include="UVa10281.cpp">
      <Filter>Source Files</Filter>
    </ClCompile>
    <ClCompile Include="UVa103.cpp">
      <Filter>Source Files</Filter>
    </ClCompile>
    <ClCompile Include="UVa10307.cpp">
      <Filter>Source Files</Filter>
    </ClCompile>
    <ClCompile Include="UVa10340.cpp">
      <Filter>Source Files</Filter>
    </ClCompile>
    <ClCompile Include="UVa10341.cpp">
      <Filter>Source Files</Filter>
    </ClCompile>
    <ClCompile Include="UVa10360.cpp">
      <Filter>Source Files</Filter>
    </ClCompile>
    <ClCompile Include="UVa10363.cpp">
      <Filter>Source Files</Filter>
    </ClCompile>
    <ClCompile Include="UVa10364.cpp">
      <Filter>Source Files</Filter>
    </ClCompile>
    <ClCompile Include="UVa108.cpp">
      <Filter>Source Files</Filter>
    </ClCompile>
    <ClCompile Include="UVa111.cpp">
      <Filter>Source Files</Filter>
    </ClCompile>
    <ClCompile Include="UVa116.cpp">
      <Filter>Source Files</Filter>
    </ClCompile>
    <ClCompile Include="UVa124.cpp">
      <Filter>Source Files</Filter>
    </ClCompile>
    <ClCompile Include="UVa147.cpp">
      <Filter>Source Files</Filter>
    </ClCompile>
    <ClCompile Include="UVa166.cpp">
      <Filter>Source Files</Filter>
    </ClCompile>
    <ClCompile Include="UVa186.cpp">
      <Filter>Source Files</Filter>
    </ClCompile>
    <ClCompile Include="UVa193.cpp">
      <Filter>Source Files</Filter>
    </ClCompile>
    <ClCompile Include="UVa200.cpp">
      <Filter>Source Files</Filter>
    </ClCompile>
    <ClCompile Include="UVa231.cpp">
      <Filter>Source Files</Filter>
    </ClCompile>
    <ClCompile Include="UVa260.cpp">
      <Filter>Source Files</Filter>
    </ClCompile>
    <ClCompile Include="UVa315.cpp">
      <Filter>Source Files</Filter>
    </ClCompile>
    <ClCompile Include="UVa334.cpp">
      <Filter>Source Files</Filter>
    </ClCompile>
    <ClCompile Include="UVa341.cpp">
      <Filter>Source Files</Filter>
    </ClCompile>
    <ClCompile Include="UVa352.cpp">
      <Filter>Source Files</Filter>
    </ClCompile>
    <ClCompile Include="UVa357.cpp">
      <Filter>Source Files</Filter>
    </ClCompile>
    <ClCompile Include="UVa383.cpp">
      <Filter>Source Files</Filter>
    </ClCompile>
    <ClCompile Include="UVa410.cpp">
      <Filter>Source Files</Filter>
    </ClCompile>
    <ClCompile Include="UVa417.cpp">
      <Filter>Source Files</Filter>
    </ClCompile>
    <ClCompile Include="UVa423.cpp">
      <Filter>Source Files</Filter>
    </ClCompile>
    <ClCompile Include="UVa469.cpp">
      <Filter>Source Files</Filter>
    </ClCompile>
    <ClCompile Include="UVa473.cpp">
      <Filter>Source Files</Filter>
    </ClCompile>
    <ClCompile Include="UVa481.cpp">
      <Filter>Source Files</Filter>
    </ClCompile>
    <ClCompile Include="UVa524.cpp">
      <Filter>Source Files</Filter>
    </ClCompile>
    <ClCompile Include="UVa534.cpp">
      <Filter>Source Files</Filter>
    </ClCompile>
    <ClCompile Include="UVa558.cpp">
      <Filter>Source Files</Filter>
    </ClCompile>
    <ClCompile Include="UVa562.cpp">
      <Filter>Source Files</Filter>
    </ClCompile>
    <ClCompile Include="UVa563.cpp">
      <Filter>Source Files</Filter>
    </ClCompile>
    <ClCompile Include="UVa590.cpp">
      <Filter>Source Files</Filter>
    </ClCompile>
    <ClCompile Include="UVa607.cpp">
      <Filter>Source Files</Filter>
    </ClCompile>
    <ClCompile Include="UVa610.cpp">
      <Filter>Source Files</Filter>
    </ClCompile>
    <ClCompile Include="UVa628.cpp">
      <Filter>Source Files</Filter>
    </ClCompile>
    <ClCompile Include="UVa639.cpp">
      <Filter>Source Files</Filter>
    </ClCompile>
    <ClCompile Include="UVa674.cpp">
      <Filter>Source Files</Filter>
    </ClCompile>
    <ClCompile Include="UVa679.cpp">
      <Filter>Source Files</Filter>
    </ClCompile>
    <ClCompile Include="UVa714.cpp">
      <Filter>Source Files</Filter>
    </ClCompile>
    <ClCompile Include="UVa725.cpp">
      <Filter>Source Files</Filter>
    </ClCompile>
    <ClCompile Include="UVa127.cpp">
      <Filter>Source Files</Filter>
    </ClCompile>
    <ClCompile Include="UVa146.cpp">
      <Filter>Source Files</Filter>
    </ClCompile>
    <ClCompile Include="UVa272.cpp">
      <Filter>Source Files</Filter>
    </ClCompile>
    <ClCompile Include="UVa291.cpp">
      <Filter>Source Files</Filter>
    </ClCompile>
    <ClCompile Include="UVa299.cpp">
      <Filter>Source Files</Filter>
    </ClCompile>
    <ClCompile Include="UVa336.cpp">
      <Filter>Source Files</Filter>
    </ClCompile>
    <ClCompile Include="UVa394.cpp">
      <Filter>Source Files</Filter>
    </ClCompile>
    <ClCompile Include="UVa459.cpp">
      <Filter>Source Files</Filter>
    </ClCompile>
    <ClCompile Include="UVa482.cpp">
      <Filter>Source Files</Filter>
    </ClCompile>
    <ClCompile Include="UVa483.cpp">
      <Filter>Source Files</Filter>
    </ClCompile>
    <ClCompile Include="UVa573.cpp">
      <Filter>Source Files</Filter>
    </ClCompile>
    <ClCompile Include="UVa661.cpp">
      <Filter>Source Files</Filter>
    </ClCompile>
    <ClCompile Include="UVa739.cpp">
      <Filter>Source Files</Filter>
    </ClCompile>
    <ClCompile Include="UVa750.cpp">
      <Filter>Source Files</Filter>
    </ClCompile>
    <ClCompile Include="UVa820.cpp">
      <Filter>Source Files</Filter>
    </ClCompile>
    <ClCompile Include="UVa821.cpp">
      <Filter>Source Files</Filter>
    </ClCompile>
    <ClCompile Include="UVa836.cpp">
      <Filter>Source Files</Filter>
    </ClCompile>
    <ClCompile Include="UVa837.cpp">
      <Filter>Source Files</Filter>
    </ClCompile>
    <ClCompile Include="UVa908.cpp">
      <Filter>Source Files</Filter>
    </ClCompile>
    <ClCompile Include="UVa910.cpp">
      <Filter>Source Files</Filter>
    </ClCompile>
    <ClCompile Include="UVa912.cpp">
      <Filter>Source Files</Filter>
    </ClCompile>
    <ClCompile Include="UVa925.cpp">
      <Filter>Source Files</Filter>
    </ClCompile>
    <ClCompile Include="UVa929.cpp">
      <Filter>Source Files</Filter>
    </ClCompile>
    <ClCompile Include="UVa941.cpp">
      <Filter>Source Files</Filter>
    </ClCompile>
    <ClCompile Include="UVa957.cpp">
      <Filter>Source Files</Filter>
    </ClCompile>
    <ClCompile Include="UVa990.cpp">
      <Filter>Source Files</Filter>
    </ClCompile>
    <ClCompile Include="LEET_SEARCH_A_2D_MATRIX_II.cpp">
      <Filter>Source Files</Filter>
    </ClCompile>
    <ClCompile Include="LEET_CONTAINS_DUPLICATE.cpp">
      <Filter>Source Files</Filter>
    </ClCompile>
    <ClCompile Include="LEET_IMPLEMENT_TRIE_PREFIX_TREE.cpp">
      <Filter>Source Files</Filter>
    </ClCompile>
    <ClCompile Include="LEET_MERGE_TWO_SORTED_LISTS.cpp">
      <Filter>Source Files</Filter>
    </ClCompile>
    <ClCompile Include="LEET_REMOVE_ELEMENT.cpp">
      <Filter>Source Files</Filter>
    </ClCompile>
    <ClCompile Include="LEET_VALID_ANAGRAM.cpp">
      <Filter>Source Files</Filter>
    </ClCompile>
    <ClCompile Include="LEET_ADD_BINARY.cpp">
      <Filter>Source Files</Filter>
    </ClCompile>
    <ClCompile Include="LEET_ADD_DIGITS.cpp">
      <Filter>Source Files</Filter>
    </ClCompile>
    <ClCompile Include="LEET_BEST_TIME_TO_BUY_AND_SELL_STOCK.cpp">
      <Filter>Source Files</Filter>
    </ClCompile>
    <ClCompile Include="LEET_BEST_TIME_TO_BUY_AND_SELL_STOCK_II.cpp">
      <Filter>Source Files</Filter>
    </ClCompile>
    <ClCompile Include="LEET_BINARY_TREE_LEVEL_ORDER_TRAVERSAL_II.cpp">
      <Filter>Source Files</Filter>
    </ClCompile>
    <ClCompile Include="LEET_BINARY_TREE_PATHS.cpp">
      <Filter>Source Files</Filter>
    </ClCompile>
    <ClCompile Include="LEET_BITWISE_AND_OF_NUMBERS_RANGE.cpp">
      <Filter>Source Files</Filter>
    </ClCompile>
    <ClCompile Include="LEET_COMPARE_VERSION_NUMBERS.cpp">
      <Filter>Source Files</Filter>
    </ClCompile>
    <ClCompile Include="LEET_CONTAINS_DUPLICATE_II.cpp">
      <Filter>Source Files</Filter>
    </ClCompile>
    <ClCompile Include="LEET_COUNT_PRIMES.cpp">
      <Filter>Source Files</Filter>
    </ClCompile>
    <ClCompile Include="LEET_FIRST_BAD_VERSION.cpp">
      <Filter>Source Files</Filter>
    </ClCompile>
    <ClCompile Include="LEET_GENERATE_PARENTHESES.cpp">
      <Filter>Source Files</Filter>
    </ClCompile>
    <ClCompile Include="LEET_H_INDEX.cpp">
      <Filter>Source Files</Filter>
    </ClCompile>
    <ClCompile Include="LEET_HAPPY_NUMBER.cpp">
      <Filter>Source Files</Filter>
    </ClCompile>
    <ClCompile Include="LEET_IMPLEMENT_STACK_USING_QUEUES.cpp">
      <Filter>Source Files</Filter>
    </ClCompile>
    <ClCompile Include="LEET_IMPLEMENT_STRSTR.cpp">
      <Filter>Source Files</Filter>
    </ClCompile>
    <ClCompile Include="LEET_ISOMORPHIC_STRINGS.cpp">
      <Filter>Source Files</Filter>
    </ClCompile>
    <ClCompile Include="LEET_MISSING_NUMBER.cpp">
      <Filter>Source Files</Filter>
    </ClCompile>
    <ClCompile Include="LEET_NUMBER_OF_ISLANDS.cpp">
      <Filter>Source Files</Filter>
    </ClCompile>
    <ClCompile Include="LEET_PASCALS_TRIANGLE_II.cpp">
      <Filter>Source Files</Filter>
    </ClCompile>
    <ClCompile Include="LEET_PERFECT_SQUARES.cpp">
      <Filter>Source Files</Filter>
    </ClCompile>
    <ClCompile Include="LEET_REMOVE_LINKED_LIST_ELEMENTS.cpp">
      <Filter>Source Files</Filter>
    </ClCompile>
    <ClCompile Include="LEET_RESTORE_IP_ADDRESSES.cpp">
      <Filter>Source Files</Filter>
    </ClCompile>
    <ClCompile Include="LEET_REVERSE_LINKED_LIST.cpp">
      <Filter>Source Files</Filter>
    </ClCompile>
    <ClCompile Include="LEET_SEARCH_A_2D_MATRIX.cpp">
      <Filter>Source Files</Filter>
    </ClCompile>
    <ClCompile Include="LEET_SINGLE_NUMBER_III.cpp">
      <Filter>Source Files</Filter>
    </ClCompile>
    <ClCompile Include="LEET_SQRTX.cpp">
      <Filter>Source Files</Filter>
    </ClCompile>
    <ClCompile Include="LEET_SWAP_NODES_IN_PAIRS.cpp">
      <Filter>Source Files</Filter>
    </ClCompile>
    <ClCompile Include="LEET_SYMMETRIC_TREE.cpp">
      <Filter>Source Files</Filter>
    </ClCompile>
    <ClCompile Include="LEET_UGLY_NUMBER.cpp">
      <Filter>Source Files</Filter>
    </ClCompile>
    <ClCompile Include="LEET_UGLY_NUMBER_II.cpp">
      <Filter>Source Files</Filter>
    </ClCompile>
    <ClCompile Include="LEET_VALID_PALINDROME.cpp">
      <Filter>Source Files</Filter>
    </ClCompile>
    <ClCompile Include="LEET_VALID_SUDOKU.cpp">
      <Filter>Source Files</Filter>
    </ClCompile>
    <ClCompile Include="LEET_DIVIDE_TWO_INTEGERS.cpp">
      <Filter>Source Files</Filter>
    </ClCompile>
    <ClCompile Include="LEET_BEST_TIME_TO_BUY_AND_SELL_STOCK_III.cpp">
      <Filter>Source Files</Filter>
    </ClCompile>
    <ClCompile Include="LEET_BINARY_TREE_POSTORDER_TRAVERSAL.cpp">
      <Filter>Source Files</Filter>
    </ClCompile>
    <ClCompile Include="LEET_CONVERT_SORTED_ARRAY_TO_BINARY_SEARCH_TREE.cpp">
      <Filter>Source Files</Filter>
    </ClCompile>
    <ClCompile Include="LEET_FLATTEN_BINARY_TREE_TO_LINKED_LIST.cpp">
      <Filter>Source Files</Filter>
    </ClCompile>
    <ClCompile Include="LEET_GAS_STATION.cpp">
      <Filter>Source Files</Filter>
    </ClCompile>
    <ClCompile Include="LEET_FIND_MINIMUM_IN_ROTATED_SORTED_ARRAY.cpp">
      <Filter>Source Files</Filter>
    </ClCompile>
    <ClCompile Include="LEET_GRAY_CODE.cpp">
      <Filter>Source Files</Filter>
    </ClCompile>
    <ClCompile Include="LEET_MAXIMUM_PRODUCT_SUBARRAY.cpp">
      <Filter>Source Files</Filter>
    </ClCompile>
    <ClCompile Include="LEET_MAXIMUM_SUBARRAY.cpp">
      <Filter>Source Files</Filter>
    </ClCompile>
    <ClCompile Include="LEET_MINIMUM_PATH_SUM.cpp">
      <Filter>Source Files</Filter>
    </ClCompile>
    <ClCompile Include="LEET_MOVE_ZEROES.cpp">
      <Filter>Source Files</Filter>
    </ClCompile>
    <ClCompile Include="LEET_PEEKING_ITERATOR.cpp">
      <Filter>Source Files</Filter>
    </ClCompile>
    <ClCompile Include="LEET_PERMUTATIONS.cpp">
      <Filter>Source Files</Filter>
    </ClCompile>
    <ClCompile Include="LEET_SEARCH_INSERT_POSITION.cpp">
      <Filter>Source Files</Filter>
    </ClCompile>
    <ClCompile Include="LEET_SET_MATRIX_ZEROES.cpp">
      <Filter>Source Files</Filter>
    </ClCompile>
    <ClCompile Include="LEET_ROTATE_IMAGE.cpp">
      <Filter>Source Files</Filter>
    </ClCompile>
    <ClCompile Include="LEET_SORT_COLORS.cpp">
      <Filter>Source Files</Filter>
    </ClCompile>
    <ClCompile Include="LEET_SPIRAL_MATRIX.cpp">
      <Filter>Source Files</Filter>
    </ClCompile>
    <ClCompile Include="LEET_SPIRAL_MATRIX_II.cpp">
      <Filter>Source Files</Filter>
    </ClCompile>
    <ClCompile Include="LEET_SUBSETS.cpp">
      <Filter>Source Files</Filter>
    </ClCompile>
    <ClCompile Include="LEET_SUBSETS_II.cpp">
      <Filter>Source Files</Filter>
    </ClCompile>
    <ClCompile Include="LEET_UNIQUE_PATHS.cpp">
      <Filter>Source Files</Filter>
    </ClCompile>
    <ClCompile Include="LEET_UNIQUE_PATHS_II.cpp">
      <Filter>Source Files</Filter>
    </ClCompile>
    <ClCompile Include="LEET_VALIDATE_BINARY_SEARCH_TREE.cpp">
      <Filter>Source Files</Filter>
    </ClCompile>
    <ClCompile Include="LEET_POW_X_N.cpp">
      <Filter>Source Files</Filter>
    </ClCompile>
    <ClCompile Include="LEET_BASIC_CALCULATOR_II.cpp">
      <Filter>Source Files</Filter>
    </ClCompile>
    <ClCompile Include="LEET_BASIC_CALCULATOR.cpp">
      <Filter>Source Files</Filter>
    </ClCompile>
    <ClCompile Include="LEET_BULB_SWITCHER.cpp">
      <Filter>Source Files</Filter>
    </ClCompile>
    <ClCompile Include="LEET_BULLS_AND_COWS.cpp">
      <Filter>Source Files</Filter>
    </ClCompile>
    <ClCompile Include="LEET_BURST_BALLOONS.cpp">
      <Filter>Source Files</Filter>
    </ClCompile>
    <ClCompile Include="LEET_COMBINATIONS.cpp">
      <Filter>Source Files</Filter>
    </ClCompile>
    <ClCompile Include="LEET_FIND_MEDIAN_FROM_DATA_STREAM.cpp">
      <Filter>Source Files</Filter>
    </ClCompile>
    <ClCompile Include="LEET_FIND_PEAK_ELEMENT.cpp">
      <Filter>Source Files</Filter>
    </ClCompile>
    <ClCompile Include="LEET_FIND_THE_DUPLICATE_NUMBER.cpp">
      <Filter>Source Files</Filter>
    </ClCompile>
    <ClCompile Include="LEET_GAME_OF_LIFE.cpp">
      <Filter>Source Files</Filter>
    </ClCompile>
    <ClCompile Include="LEET_MULTIPLY_STRINGS.cpp">
      <Filter>Source Files</Filter>
    </ClCompile>
    <ClCompile Include="LEET_NIM_GAME.cpp">
      <Filter>Source Files</Filter>
    </ClCompile>
    <ClCompile Include="LEET_POPULATING_NEXT_RIGHT_POINTERS_IN_EACH_NODE_II.cpp">
      <Filter>Source Files</Filter>
    </ClCompile>
    <ClCompile Include="LEET_RANGE_SUM_QUERY_2D_IMMUTABLE.cpp">
      <Filter>Source Files</Filter>
    </ClCompile>
    <ClCompile Include="LEET_RANGE_SUM_QUERY_IMMUTABLE.cpp">
      <Filter>Source Files</Filter>
    </ClCompile>
    <ClCompile Include="LEET_RANGE_SUM_QUERY_MUTABLE.cpp">
      <Filter>Source Files</Filter>
    </ClCompile>
    <ClCompile Include="LEET_SERIALIZE_AND_DESERIALIZE_BINARY_TREE.cpp">
      <Filter>Source Files</Filter>
    </ClCompile>
    <ClCompile Include="LEET_SUDOKU_SOLVER.cpp">
      <Filter>Source Files</Filter>
    </ClCompile>
    <ClCompile Include="LEET_WORD_PATTERN.cpp">
      <Filter>Source Files</Filter>
    </ClCompile>
    <ClCompile Include="LEET_COUNT_COMPLETE_TREE_NODES.cpp">
      <Filter>Source Files</Filter>
    </ClCompile>
    <ClCompile Include="LEET_COIN_CHANGE.cpp">
      <Filter>Source Files</Filter>
    </ClCompile>
    <ClCompile Include="LEET_MAXIMUM_PRODUCT_OF_WORD_LENGTHS.cpp">
      <Filter>Source Files</Filter>
    </ClCompile>
    <ClCompile Include="LEET_POWER_OF_THREE.cpp">
      <Filter>Source Files</Filter>
    </ClCompile>
    <ClCompile Include="LEET_MULTIPLY_STRINGS_2.cpp">
      <Filter>Source Files</Filter>
    </ClCompile>
    <ClCompile Include="LEET_ODD_EVEN_LINKED_LIST.cpp">
      <Filter>Source Files</Filter>
    </ClCompile>
    <ClCompile Include="LEET_CLONE_GRAPH.cpp">
      <Filter>Source Files</Filter>
    </ClCompile>
    <ClCompile Include="LEET_KTH_LARGEST_ELEMENT_IN_AN_ARRAY.cpp">
      <Filter>Source Files</Filter>
    </ClCompile>
    <ClCompile Include="LEET_RECONSTRUCT_ITINERARY.cpp">
      <Filter>Source Files</Filter>
    </ClCompile>
    <ClCompile Include="LEET_VERIFY_PREORDER_SERIALIZATION_OF_A_BINARY_TREE.cpp">
      <Filter>Source Files</Filter>
    </ClCompile>
    <ClCompile Include="LEET_FRACTION_TO_RECURRING_DECIMAL.cpp">
      <Filter>Source Files</Filter>
    </ClCompile>
    <ClCompile Include="LEET_PARTITION_LIST.cpp">
      <Filter>Source Files</Filter>
    </ClCompile>
    <ClCompile Include="LEET_REVERSE_WORDS_IN_A_STRING.cpp">
      <Filter>Source Files</Filter>
    </ClCompile>
    <ClCompile Include="LEET_DECODE_WAYS.cpp">
      <Filter>Source Files</Filter>
    </ClCompile>
    <ClCompile Include="LEET_MAX_POINTS_ON_A_LINE.cpp">
      <Filter>Source Files</Filter>
    </ClCompile>
    <ClCompile Include="LEET_COUNT_OF_SMALLER_NUMBERS_AFTER_SELF.cpp">
      <Filter>Source Files</Filter>
    </ClCompile>
    <ClCompile Include="LEET_LINKED_LIST_CYCLE_II.cpp">
      <Filter>Source Files</Filter>
    </ClCompile>
    <ClCompile Include="LEET_SEARCH_FOR_A_RANGE.cpp">
      <Filter>Source Files</Filter>
    </ClCompile>
    <ClCompile Include="LEET_UNIQUE_BINARY_SEARCH_TREES_II.cpp">
      <Filter>Source Files</Filter>
    </ClCompile>
    <ClCompile Include="LEET_MINIMUM_HEIGHT_TREES.cpp">
      <Filter>Source Files</Filter>
    </ClCompile>
    <ClCompile Include="LEET_THE_SKYLINE_PROBLEM.cpp">
      <Filter>Source Files</Filter>
    </ClCompile>
    <ClCompile Include="LEET_TEXT_JUSTIFICATION.cpp">
      <Filter>Source Files</Filter>
    </ClCompile>
    <ClCompile Include="LEET_POWER_OF_FOUR.cpp">
      <Filter>Source Files</Filter>
    </ClCompile>
    <ClCompile Include="LEET_REVERSE_STRING.cpp">
      <Filter>Source Files</Filter>
    </ClCompile>
    <ClCompile Include="LEET_REVERSE_VOWELS_OF_A_STRING.cpp">
      <Filter>Source Files</Filter>
    </ClCompile>
    <ClCompile Include="LEET_INTERSECTION_OF_TWO_ARRAYS.cpp">
      <Filter>Source Files</Filter>
    </ClCompile>
    <ClCompile Include="LEET_DATA_STREAM_AS_DISJOINT_INTERVALS.cpp">
      <Filter>Source Files</Filter>
    </ClCompile>
    <ClCompile Include="LEET_INTERSECTION_OF_TWO_ARRAYS_II.cpp">
      <Filter>Source Files</Filter>
    </ClCompile>
    <ClCompile Include="LEET_WORD_LADDER.cpp">
      <Filter>Source Files</Filter>
    </ClCompile>
    <ClCompile Include="SPOJ_SAMER08F.cpp">
      <Filter>Source Files</Filter>
    </ClCompile>
    <ClCompile Include="LEET_COUNT_NUMBERS_WITH_UNIQUE_DIGITS.cpp">
      <Filter>Source Files</Filter>
    </ClCompile>
    <ClCompile Include="LEET_VALID_PERFECT_SQUARE.cpp">
      <Filter>Source Files</Filter>
    </ClCompile>
    <ClCompile Include="LEET_WATER_AND_JUG_PROBLEM.cpp">
      <Filter>Source Files</Filter>
    </ClCompile>
    <ClCompile Include="LEET_LRU_CACHE.cpp">
      <Filter>Source Files</Filter>
    </ClCompile>
    <ClCompile Include="LEET_DESIGN_TWITTER.cpp">
      <Filter>Source Files</Filter>
    </ClCompile>
    <ClCompile Include="LEET_RUSSIAN_DOLL_ENVELOPES.cpp">
      <Filter>Source Files</Filter>
    </ClCompile>
    <ClCompile Include="LEET_LARGEST_DIVISIBLE_SUBSET.cpp">
      <Filter>Source Files</Filter>
    </ClCompile>
    <ClCompile Include="LEET_WIGGLE_SUBSEQUENCE.cpp">
      <Filter>Source Files</Filter>
    </ClCompile>
    <ClCompile Include="LEET_GUESS_NUMBER_HIGHER_OR_LOWER.cpp">
      <Filter>Source Files</Filter>
    </ClCompile>
    <ClCompile Include="LEET_LONGEST_ABSOLUTE_FILE_PATH.cpp">
      <Filter>Source Files</Filter>
    </ClCompile>
    <ClCompile Include="LEET_FIRST_UNIQUE_CHARACTER_IN_A_STRING.cpp">
      <Filter>Source Files</Filter>
    </ClCompile>
    <ClCompile Include="LEET_LEXICOGRAPHICAL_NUMBERS.cpp">
      <Filter>Source Files</Filter>
    </ClCompile>
    <ClCompile Include="LEET_FIND_THE_DIFFERENCE.cpp">
      <Filter>Source Files</Filter>
    </ClCompile>
    <ClCompile Include="LEET_ELIMINATION_GAME.cpp">
      <Filter>Source Files</Filter>
    </ClCompile>
    <ClCompile Include="LEET_PERFECT_RECTANGLE.cpp">
      <Filter>Source Files</Filter>
    </ClCompile>
    <ClCompile Include="LEET_MINI_PARSER.cpp">
      <Filter>Source Files</Filter>
    </ClCompile>
    <ClCompile Include="LEET_SHUFFLE_AN_ARRAY.cpp">
      <Filter>Source Files</Filter>
    </ClCompile>
    <ClCompile Include="LEET_INTEGER_REPLACEMENT.cpp">
      <Filter>Source Files</Filter>
    </ClCompile>
    <ClCompile Include="LEET_RANDOM_PICK_INDEX.cpp">
      <Filter>Source Files</Filter>
    </ClCompile>
    <ClCompile Include="LEET_EVALUATE_DIVISION.cpp">
      <Filter>Source Files</Filter>
    </ClCompile>
    <ClCompile Include="LEET_ROTATE_FUNCTION.cpp">
      <Filter>Source Files</Filter>
    </ClCompile>
    <ClCompile Include="LEET_NTH_DIGIT.cpp">
      <Filter>Source Files</Filter>
    </ClCompile>
    <ClCompile Include="LEET_BINARY_WATCH.cpp">
      <Filter>Source Files</Filter>
    </ClCompile>
    <ClCompile Include="LEET_QUEUE_RECONSTRUCTION_BY_HEIGHT.cpp">
      <Filter>Source Files</Filter>
    </ClCompile>
    <ClCompile Include="LEET_REMOVE_K_DIGITS.cpp">
      <Filter>Source Files</Filter>
    </ClCompile>
    <ClCompile Include="LEET_SPLIT_ARRAY_LARGEST_SUM.cpp">
      <Filter>Source Files</Filter>
    </ClCompile>
    <ClCompile Include="LEET_PATCHING_ARRAY.cpp">
      <Filter>Source Files</Filter>
    </ClCompile>
    <ClCompile Include="LEET_RECONSTRUCT_ORIGINAL_DIGITS_FROM_ENGLISH.cpp">
      <Filter>Source Files</Filter>
    </ClCompile>
    <ClCompile Include="LEET_LONGEST_REPEATING_CHARACTER_REPLACEMENT.cpp">
      <Filter>Source Files</Filter>
    </ClCompile>
    <ClCompile Include="LEET_ARITHMETIC_SLICES.cpp">
      <Filter>Source Files</Filter>
    </ClCompile>
    <ClCompile Include="LEET_FIZZ_BUZZ.cpp">
      <Filter>Source Files</Filter>
    </ClCompile>
    <ClCompile Include="LEET_SUM_OF_TWO_INTEGERS.cpp">
      <Filter>Source Files</Filter>
    </ClCompile>
    <ClCompile Include="LEET_SUM_OF_LEFT_LEAVES.cpp">
      <Filter>Source Files</Filter>
    </ClCompile>
    <ClCompile Include="LEET_RANSOM_NOTE.cpp">
      <Filter>Source Files</Filter>
    </ClCompile>
    <ClCompile Include="LEET_LONGEST_PALINDROME.cpp">
      <Filter>Source Files</Filter>
    </ClCompile>
    <ClCompile Include="LEET_ADD_STRINGS.cpp">
      <Filter>Source Files</Filter>
    </ClCompile>
    <ClCompile Include="LEET_CONVERT_A_NUMBER_TO_HEXADECIMAL.cpp">
      <Filter>Source Files</Filter>
    </ClCompile>
    <ClCompile Include="LEET_THIRD_MAXIMUM_NUMBER.cpp">
      <Filter>Source Files</Filter>
    </ClCompile>
    <ClCompile Include="LEET_FIND_ALL_ANAGRAMS_IN_A_STRING.cpp">
      <Filter>Source Files</Filter>
    </ClCompile>
    <ClCompile Include="LEET_PATH_SUM_III.cpp">
      <Filter>Source Files</Filter>
    </ClCompile>
    <ClCompile Include="HACKER_RANK_FLIPPING_THE_MATRIX.cpp">
      <Filter>Source Files</Filter>
    </ClCompile>
    <ClCompile Include="LEET_BATTLESHIPS_IN_A_BOARD.cpp">
      <Filter>Source Files</Filter>
    </ClCompile>
    <ClCompile Include="LEET_COUNTING_BITS.cpp">
      <Filter>Source Files</Filter>
    </ClCompile>
    <ClCompile Include="HACKER_RANK_NEW_YEAR_CHAOS.cpp">
      <Filter>Source Files</Filter>
    </ClCompile>
    <ClCompile Include="LEET_PATH_SUM_II.cpp">
      <Filter>Source Files</Filter>
    </ClCompile>
    <ClCompile Include="LEET_IS_SUBSEQUENCE.cpp">
      <Filter>Source Files</Filter>
    </ClCompile>
    <ClCompile Include="LEET_NEXT_PERMUTATION.cpp">
      <Filter>Source Files</Filter>
    </ClCompile>
    <ClCompile Include="LEET_EVALUATE_REVERSE_POLISH_NOTATION.cpp">
      <Filter>Source Files</Filter>
    </ClCompile>
    <ClCompile Include="HACKER_RANK_S10_BASIC_STATISTICS.cpp">
      <Filter>Source Files</Filter>
    </ClCompile>
    <ClCompile Include="HACKER_RANK_S10_WEIGHTED_MEAN.cpp">
      <Filter>Source Files</Filter>
    </ClCompile>
    <ClCompile Include="HACKER_RANK_CAMEL_CASE.cpp">
      <Filter>Source Files</Filter>
    </ClCompile>
    <ClCompile Include="LEET_EDIT_DISTANCE.cpp">
      <Filter>Source Files</Filter>
    </ClCompile>
    <ClCompile Include="LEET_ROTATE_LIST.cpp">
      <Filter>Source Files</Filter>
    </ClCompile>
    <ClCompile Include="HACKER_RANK_S10_QUARTILES.cpp">
      <Filter>Source Files</Filter>
    </ClCompile>
    <ClCompile Include="HACKER_RANK_S10_INTERQUARTILE_RANGE.cpp">
      <Filter>Source Files</Filter>
    </ClCompile>
  </ItemGroup>
</Project>