<?xml version="1.0" encoding="utf-8"?>
<Project ToolsVersion="4.0" xmlns="http://schemas.microsoft.com/developer/msbuild/2003">
  <ItemGroup>
    <Filter Include="Source Files">
      <UniqueIdentifier>{4FC737F1-C7A5-4376-A066-2A32D752A2FF}</UniqueIdentifier>
      <Extensions>cpp;c;cc;cxx;def;odl;idl;hpj;bat;asm;asmx</Extensions>
    </Filter>
    <Filter Include="Header Files">
      <UniqueIdentifier>{93995380-89BD-4b04-88EB-625FBE52EBFB}</UniqueIdentifier>
      <Extensions>h;hh;hpp;hxx;hm;inl;inc;xsd</Extensions>
    </Filter>
    <Filter Include="Resource Files">
      <UniqueIdentifier>{67DA6AB6-F800-4c08-8B7A-83BB121AAD01}</UniqueIdentifier>
      <Extensions>rc;ico;cur;bmp;dlg;rc2;rct;bin;rgs;gif;jpg;jpeg;jpe;resx;tiff;tif;png;wav;mfcribbon-ms</Extensions>
    </Filter>
  </ItemGroup>
  <ItemGroup>
    <Text Include="ReadMe.txt" />
  </ItemGroup>
  <ItemGroup>
    <ClInclude Include="stdafx.h">
      <Filter>Header Files</Filter>
    </ClInclude>
    <ClInclude Include="targetver.h">
      <Filter>Header Files</Filter>
    </ClInclude>
    <ClInclude Include="SPOJ_PALIN.h">
      <Filter>Header Files</Filter>
    </ClInclude>
    <ClInclude Include="UVa100.h">
      <Filter>Header Files</Filter>
    </ClInclude>
    <ClInclude Include="UVa272.h">
      <Filter>Header Files</Filter>
    </ClInclude>
    <ClInclude Include="UVa394.h">
      <Filter>Header Files</Filter>
    </ClInclude>
    <ClInclude Include="UVa483.h">
      <Filter>Header Files</Filter>
    </ClInclude>
    <ClInclude Include="UVa573.h">
      <Filter>Header Files</Filter>
    </ClInclude>
    <ClInclude Include="UVa661.h">
      <Filter>Header Files</Filter>
    </ClInclude>
    <ClInclude Include="UVa739.h">
      <Filter>Header Files</Filter>
    </ClInclude>
    <ClInclude Include="UVa837.h">
      <Filter>Header Files</Filter>
    </ClInclude>
    <ClInclude Include="UVa941.h">
      <Filter>Header Files</Filter>
    </ClInclude>
    <ClInclude Include="UVa10082.h">
      <Filter>Header Files</Filter>
    </ClInclude>
    <ClInclude Include="UVa10141.h">
      <Filter>Header Files</Filter>
    </ClInclude>
    <ClInclude Include="UVa10281.h">
      <Filter>Header Files</Filter>
    </ClInclude>
    <ClInclude Include="UVa10363.h">
      <Filter>Header Files</Filter>
    </ClInclude>
    <ClInclude Include="UVa10420.h">
      <Filter>Header Files</Filter>
    </ClInclude>
    <ClInclude Include="UVa146.h">
      <Filter>Header Files</Filter>
    </ClInclude>
    <ClInclude Include="UVa482.h">
      <Filter>Header Files</Filter>
    </ClInclude>
    <ClInclude Include="UVa127.h">
      <Filter>Header Files</Filter>
    </ClInclude>
    <ClInclude Include="UVa299.h">
      <Filter>Header Files</Filter>
    </ClInclude>
    <ClInclude Include="UVa11462.h">
      <Filter>Header Files</Filter>
    </ClInclude>
    <ClInclude Include="UVa336.h">
      <Filter>Header Files</Filter>
    </ClInclude>
    <ClInclude Include="UVa10226.h">
      <Filter>Header Files</Filter>
    </ClInclude>
    <ClInclude Include="UVa908.h">
      <Filter>Header Files</Filter>
    </ClInclude>
    <ClInclude Include="UVa291.h">
      <Filter>Header Files</Filter>
    </ClInclude>
    <ClInclude Include="UVa459.h">
      <Filter>Header Files</Filter>
    </ClInclude>
    <ClInclude Include="UVa11235.h">
      <Filter>Header Files</Filter>
    </ClInclude>
    <ClInclude Include="UVa912.h">
      <Filter>Header Files</Filter>
    </ClInclude>
    <ClInclude Include="UVa10505.h">
      <Filter>Header Files</Filter>
    </ClInclude>
    <ClInclude Include="UVa10928.h">
      <Filter>Header Files</Filter>
    </ClInclude>
    <ClInclude Include="UVa11297.h">
      <Filter>Header Files</Filter>
    </ClInclude>
    <ClInclude Include="UVa11503.h">
      <Filter>Header Files</Filter>
    </ClInclude>
    <ClInclude Include="UVa725.h">
      <Filter>Header Files</Filter>
    </ClInclude>
    <ClInclude Include="UVa750.h">
      <Filter>Header Files</Filter>
    </ClInclude>
    <ClInclude Include="UVa10360.h">
      <Filter>Header Files</Filter>
    </ClInclude>
    <ClInclude Include="UVa193.h">
      <Filter>Header Files</Filter>
    </ClInclude>
    <ClInclude Include="UVa524.h">
      <Filter>Header Files</Filter>
    </ClInclude>
    <ClInclude Include="UVa628.h">
      <Filter>Header Files</Filter>
    </ClInclude>
    <ClInclude Include="UVa639.h">
      <Filter>Header Files</Filter>
    </ClInclude>
    <ClInclude Include="UVa10158.h">
      <Filter>Header Files</Filter>
    </ClInclude>
    <ClInclude Include="UVa11242.h">
      <Filter>Header Files</Filter>
    </ClInclude>
    <ClInclude Include="UVa679.h">
      <Filter>Header Files</Filter>
    </ClInclude>
    <ClInclude Include="UVa714.h">
      <Filter>Header Files</Filter>
    </ClInclude>
    <ClInclude Include="SPOJ_TEST.h">
      <Filter>Header Files</Filter>
    </ClInclude>
    <ClInclude Include="UVa957.h">
      <Filter>Header Files</Filter>
    </ClInclude>
    <ClInclude Include="SPOJ_HORRIBLE.h">
      <Filter>Header Files</Filter>
    </ClInclude>
    <ClInclude Include="SPOJ_LITE_1.h">
      <Filter>Header Files</Filter>
    </ClInclude>
    <ClInclude Include="SPOJ_LITE_2.h">
      <Filter>Header Files</Filter>
    </ClInclude>
    <ClInclude Include="UVa10077.h">
      <Filter>Header Files</Filter>
    </ClInclude>
    <ClInclude Include="UVa10341.h">
      <Filter>Header Files</Filter>
    </ClInclude>
    <ClInclude Include="LEET_LONGEST_CONSECUTIVE_SEQUENCE.h">
      <Filter>Header Files</Filter>
    </ClInclude>
    <ClInclude Include="LEET_SUM_ROOT_TO_LEAF_NUMBER.h">
      <Filter>Header Files</Filter>
    </ClInclude>
    <ClInclude Include="UVa410.h">
      <Filter>Header Files</Filter>
    </ClInclude>
    <ClInclude Include="UVa10020.h">
      <Filter>Header Files</Filter>
    </ClInclude>
    <ClInclude Include="UVa10340.h">
      <Filter>Header Files</Filter>
    </ClInclude>
    <ClInclude Include="UVa10440.h">
      <Filter>Header Files</Filter>
    </ClInclude>
    <ClInclude Include="UVa10670.h">
      <Filter>Header Files</Filter>
    </ClInclude>
    <ClInclude Include="UVa10763.h">
      <Filter>Header Files</Filter>
    </ClInclude>
    <ClInclude Include="UVa11054.h">
      <Filter>Header Files</Filter>
    </ClInclude>
    <ClInclude Include="UVa11292.h">
      <Filter>Header Files</Filter>
    </ClInclude>
    <ClInclude Include="UVa11369.h">
      <Filter>Header Files</Filter>
    </ClInclude>
    <ClInclude Include="UVa103.h">
      <Filter>Header Files</Filter>
    </ClInclude>
    <ClInclude Include="UVa111.h">
      <Filter>Header Files</Filter>
    </ClInclude>
    <ClInclude Include="UVa10003.h">
      <Filter>Header Files</Filter>
    </ClInclude>
    <ClInclude Include="UVa11450.h">
      <Filter>Header Files</Filter>
    </ClInclude>
    <ClInclude Include="UVa10911.h">
      <Filter>Header Files</Filter>
    </ClInclude>
    <ClInclude Include="SPOJ_FISHER.h">
      <Filter>Header Files</Filter>
    </ClInclude>
    <ClInclude Include="UVa231.h">
      <Filter>Header Files</Filter>
    </ClInclude>
    <ClInclude Include="UVa108.h">
      <Filter>Header Files</Filter>
    </ClInclude>
    <ClInclude Include="UVa116.h">
      <Filter>Header Files</Filter>
    </ClInclude>
    <ClInclude Include="UVa147.h">
      <Filter>Header Files</Filter>
    </ClInclude>
    <ClInclude Include="UVa166.h">
      <Filter>Header Files</Filter>
    </ClInclude>
    <ClInclude Include="UVa357.h">
      <Filter>Header Files</Filter>
    </ClInclude>
    <ClInclude Include="UVa481.h">
      <Filter>Header Files</Filter>
    </ClInclude>
    <ClInclude Include="UVa473.h">
      <Filter>Header Files</Filter>
    </ClInclude>
    <ClInclude Include="UVa562.h">
      <Filter>Header Files</Filter>
    </ClInclude>
    <ClInclude Include="UVa674.h">
      <Filter>Header Files</Filter>
    </ClInclude>
    <ClInclude Include="UVa836.h">
      <Filter>Header Files</Filter>
    </ClInclude>
    <ClInclude Include="UVa990.h">
      <Filter>Header Files</Filter>
    </ClInclude>
    <ClInclude Include="UVa607.h">
      <Filter>Header Files</Filter>
    </ClInclude>
    <ClInclude Include="UVa10364.h">
      <Filter>Header Files</Filter>
    </ClInclude>
    <ClInclude Include="UVa590.h">
      <Filter>Header Files</Filter>
    </ClInclude>
    <ClInclude Include="UVa910.h">
      <Filter>Header Files</Filter>
    </ClInclude>
    <ClInclude Include="UVa10243.h">
      <Filter>Header Files</Filter>
    </ClInclude>
    <ClInclude Include="UVa10651.h">
      <Filter>Header Files</Filter>
    </ClInclude>
    <ClInclude Include="UVa10891.h">
      <Filter>Header Files</Filter>
    </ClInclude>
    <ClInclude Include="UVa260.h">
      <Filter>Header Files</Filter>
    </ClInclude>
    <ClInclude Include="UVa352.h">
      <Filter>Header Files</Filter>
    </ClInclude>
    <ClInclude Include="UVa315.h">
      <Filter>Header Files</Filter>
    </ClInclude>
    <ClInclude Include="UVa610.h">
      <Filter>Header Files</Filter>
    </ClInclude>
    <ClInclude Include="UVa11504.h">
      <Filter>Header Files</Filter>
    </ClInclude>
    <ClInclude Include="UVa10731.h">
      <Filter>Header Files</Filter>
    </ClInclude>
    <ClInclude Include="UVa124.h">
      <Filter>Header Files</Filter>
    </ClInclude>
    <ClInclude Include="UVa200.h">
      <Filter>Header Files</Filter>
    </ClInclude>
    <ClInclude Include="UVa383.h">
      <Filter>Header Files</Filter>
    </ClInclude>
    <ClInclude Include="UVa10034.h">
      <Filter>Header Files</Filter>
    </ClInclude>
    <ClInclude Include="UVa417.h">
      <Filter>Header Files</Filter>
    </ClInclude>
    <ClInclude Include="UVa469.h">
      <Filter>Header Files</Filter>
    </ClInclude>
    <ClInclude Include="UVa10307.h">
      <Filter>Header Files</Filter>
    </ClInclude>
    <ClInclude Include="UVa10004.h">
      <Filter>Header Files</Filter>
    </ClInclude>
    <ClInclude Include="UVa11228.h">
      <Filter>Header Files</Filter>
    </ClInclude>
    <ClInclude Include="UVa341.h">
      <Filter>Header Files</Filter>
    </ClInclude>
    <ClInclude Include="UVa929.h">
      <Filter>Header Files</Filter>
    </ClInclude>
    <ClInclude Include="UVa10147.h">
      <Filter>Header Files</Filter>
    </ClInclude>
    <ClInclude Include="UVa10278.h">
      <Filter>Header Files</Filter>
    </ClInclude>
    <ClInclude Include="UVa10369.h">
      <Filter>Header Files</Filter>
    </ClInclude>
    <ClInclude Include="UVa10603.h">
      <Filter>Header Files</Filter>
    </ClInclude>
  </ItemGroup>
  <ItemGroup>
    <ClCompile Include="stdafx.cpp">
      <Filter>Source Files</Filter>
    </ClCompile>
    <ClCompile Include="main.cpp">
      <Filter>Source Files</Filter>
    </ClCompile>
    <ClCompile Include="SPOJ_PALIN.cpp">
      <Filter>Source Files</Filter>
    </ClCompile>
    <ClCompile Include="UVa100.cpp">
      <Filter>Source Files</Filter>
    </ClCompile>
    <ClCompile Include="UVa272.cpp">
      <Filter>Source Files</Filter>
    </ClCompile>
    <ClCompile Include="UVa394.cpp">
      <Filter>Source Files</Filter>
    </ClCompile>
    <ClCompile Include="UVa483.cpp">
      <Filter>Source Files</Filter>
    </ClCompile>
    <ClCompile Include="UVa573.cpp">
      <Filter>Source Files</Filter>
    </ClCompile>
    <ClCompile Include="UVa661.cpp">
      <Filter>Source Files</Filter>
    </ClCompile>
    <ClCompile Include="UVa739.cpp">
      <Filter>Source Files</Filter>
    </ClCompile>
    <ClCompile Include="UVa837.cpp">
      <Filter>Source Files</Filter>
    </ClCompile>
    <ClCompile Include="UVa941.cpp">
      <Filter>Source Files</Filter>
    </ClCompile>
    <ClCompile Include="UVa10082.cpp">
      <Filter>Source Files</Filter>
    </ClCompile>
    <ClCompile Include="UVa10141.cpp">
      <Filter>Source Files</Filter>
    </ClCompile>
    <ClCompile Include="UVa10281.cpp">
      <Filter>Source Files</Filter>
    </ClCompile>
    <ClCompile Include="UVa10363.cpp">
      <Filter>Source Files</Filter>
    </ClCompile>
    <ClCompile Include="UVa10420.cpp">
      <Filter>Source Files</Filter>
    </ClCompile>
    <ClCompile Include="UVa146.cpp">
      <Filter>Source Files</Filter>
    </ClCompile>
    <ClCompile Include="UVa482.cpp">
      <Filter>Source Files</Filter>
    </ClCompile>
    <ClCompile Include="UVa127.cpp">
      <Filter>Source Files</Filter>
    </ClCompile>
    <ClCompile Include="UVa299.cpp">
      <Filter>Source Files</Filter>
    </ClCompile>
    <ClCompile Include="UVa11462.cpp">
      <Filter>Source Files</Filter>
    </ClCompile>
    <ClCompile Include="UVa336.cpp">
      <Filter>Source Files</Filter>
    </ClCompile>
    <ClCompile Include="UVa10226.cpp">
      <Filter>Source Files</Filter>
    </ClCompile>
    <ClCompile Include="UVa908.cpp">
      <Filter>Source Files</Filter>
    </ClCompile>
    <ClCompile Include="UVa291.cpp">
      <Filter>Source Files</Filter>
    </ClCompile>
    <ClCompile Include="UVa459.cpp">
      <Filter>Source Files</Filter>
    </ClCompile>
    <ClCompile Include="UVa11235.cpp">
      <Filter>Source Files</Filter>
    </ClCompile>
    <ClCompile Include="UVa912.cpp">
      <Filter>Source Files</Filter>
    </ClCompile>
    <ClCompile Include="UVa10505.cpp">
      <Filter>Source Files</Filter>
    </ClCompile>
    <ClCompile Include="UVa10928.cpp">
      <Filter>Source Files</Filter>
    </ClCompile>
    <ClCompile Include="UVa11297.cpp">
      <Filter>Source Files</Filter>
    </ClCompile>
    <ClCompile Include="UVa11503.cpp">
      <Filter>Source Files</Filter>
    </ClCompile>
    <ClCompile Include="UVa725.cpp">
      <Filter>Source Files</Filter>
    </ClCompile>
    <ClCompile Include="UVa750.cpp">
      <Filter>Source Files</Filter>
    </ClCompile>
    <ClCompile Include="UVa10360.cpp">
      <Filter>Source Files</Filter>
    </ClCompile>
    <ClCompile Include="UVa193.cpp">
      <Filter>Source Files</Filter>
    </ClCompile>
    <ClCompile Include="UVa524.cpp">
      <Filter>Source Files</Filter>
    </ClCompile>
    <ClCompile Include="UVa628.cpp">
      <Filter>Source Files</Filter>
    </ClCompile>
    <ClCompile Include="UVa639.cpp">
      <Filter>Source Files</Filter>
    </ClCompile>
    <ClCompile Include="UVa10158.cpp">
      <Filter>Source Files</Filter>
    </ClCompile>
    <ClCompile Include="UVa11242.cpp">
      <Filter>Source Files</Filter>
    </ClCompile>
    <ClCompile Include="UVa679.cpp">
      <Filter>Source Files</Filter>
    </ClCompile>
    <ClCompile Include="UVa714.cpp">
      <Filter>Source Files</Filter>
    </ClCompile>
    <ClCompile Include="SPOJ_TEST.cpp">
      <Filter>Source Files</Filter>
    </ClCompile>
    <ClCompile Include="UVa957.cpp">
      <Filter>Source Files</Filter>
    </ClCompile>
    <ClCompile Include="SPOJ_HORRIBLE.cpp">
      <Filter>Source Files</Filter>
    </ClCompile>
    <ClCompile Include="SPOJ_LITE_1.cpp">
      <Filter>Source Files</Filter>
    </ClCompile>
    <ClCompile Include="SPOJ_LITE_2.cpp">
      <Filter>Source Files</Filter>
    </ClCompile>
    <ClCompile Include="UVa10077.cpp">
      <Filter>Source Files</Filter>
    </ClCompile>
    <ClCompile Include="UVa10341.cpp">
      <Filter>Source Files</Filter>
    </ClCompile>
    <ClCompile Include="LEET_LONGEST_CONSECUTIVE_SEQUENCE.cpp">
      <Filter>Source Files</Filter>
    </ClCompile>
    <ClCompile Include="LEET_SUM_ROOT_TO_LEAF_NUMBER.cpp">
      <Filter>Source Files</Filter>
    </ClCompile>
    <ClCompile Include="UVa410.cpp">
      <Filter>Source Files</Filter>
    </ClCompile>
    <ClCompile Include="UVa10020.cpp">
      <Filter>Source Files</Filter>
    </ClCompile>
    <ClCompile Include="UVa10340.cpp">
      <Filter>Source Files</Filter>
    </ClCompile>
    <ClCompile Include="UVa10440.cpp">
      <Filter>Source Files</Filter>
    </ClCompile>
    <ClCompile Include="UVa10670.cpp">
      <Filter>Source Files</Filter>
    </ClCompile>
    <ClCompile Include="UVa10763.cpp">
      <Filter>Source Files</Filter>
    </ClCompile>
    <ClCompile Include="UVa11054.cpp">
      <Filter>Source Files</Filter>
    </ClCompile>
    <ClCompile Include="UVa11292.cpp">
      <Filter>Source Files</Filter>
    </ClCompile>
    <ClCompile Include="UVa11369.cpp">
      <Filter>Source Files</Filter>
    </ClCompile>
    <ClCompile Include="UVa103.cpp">
      <Filter>Source Files</Filter>
    </ClCompile>
    <ClCompile Include="UVa111.cpp">
      <Filter>Source Files</Filter>
    </ClCompile>
    <ClCompile Include="UVa10003.cpp">
      <Filter>Source Files</Filter>
    </ClCompile>
    <ClCompile Include="UVa11450.cpp">
      <Filter>Source Files</Filter>
    </ClCompile>
    <ClCompile Include="UVa10911.cpp">
      <Filter>Source Files</Filter>
    </ClCompile>
    <ClCompile Include="SPOJ_FISHER.cpp">
      <Filter>Source Files</Filter>
    </ClCompile>
    <ClCompile Include="UVa231.cpp">
      <Filter>Source Files</Filter>
    </ClCompile>
    <ClCompile Include="UVa108.cpp">
      <Filter>Source Files</Filter>
    </ClCompile>
    <ClCompile Include="UVa116.cpp">
      <Filter>Source Files</Filter>
    </ClCompile>
    <ClCompile Include="UVa147.cpp">
      <Filter>Source Files</Filter>
    </ClCompile>
    <ClCompile Include="UVa166.cpp">
      <Filter>Source Files</Filter>
    </ClCompile>
    <ClCompile Include="UVa357.cpp">
      <Filter>Source Files</Filter>
    </ClCompile>
    <ClCompile Include="UVa473.cpp">
      <Filter>Source Files</Filter>
    </ClCompile>
    <ClCompile Include="UVa481.cpp">
      <Filter>Source Files</Filter>
    </ClCompile>
    <ClCompile Include="UVa562.cpp">
      <Filter>Source Files</Filter>
    </ClCompile>
    <ClCompile Include="UVa674.cpp">
      <Filter>Source Files</Filter>
    </ClCompile>
    <ClCompile Include="UVa836.cpp">
      <Filter>Source Files</Filter>
    </ClCompile>
    <ClCompile Include="UVa990.cpp">
      <Filter>Source Files</Filter>
    </ClCompile>
    <ClCompile Include="UVa607.cpp">
      <Filter>Source Files</Filter>
    </ClCompile>
    <ClCompile Include="UVa10364.cpp">
      <Filter>Source Files</Filter>
    </ClCompile>
    <ClCompile Include="UVa590.cpp">
      <Filter>Source Files</Filter>
    </ClCompile>
    <ClCompile Include="UVa910.cpp">
      <Filter>Source Files</Filter>
    </ClCompile>
    <ClCompile Include="UVa10243.cpp">
      <Filter>Source Files</Filter>
    </ClCompile>
    <ClCompile Include="UVa10651.cpp">
      <Filter>Source Files</Filter>
    </ClCompile>
    <ClCompile Include="UVa10891.cpp">
      <Filter>Source Files</Filter>
    </ClCompile>
    <ClCompile Include="UVa260.cpp">
      <Filter>Source Files</Filter>
    </ClCompile>
    <ClCompile Include="UVa352.cpp">
      <Filter>Source Files</Filter>
    </ClCompile>
    <ClCompile Include="UVa315.cpp">
      <Filter>Source Files</Filter>
    </ClCompile>
    <ClCompile Include="UVa610.cpp">
      <Filter>Source Files</Filter>
    </ClCompile>
    <ClCompile Include="UVa11504.cpp">
      <Filter>Source Files</Filter>
    </ClCompile>
    <ClCompile Include="UVa10731.cpp">
      <Filter>Source Files</Filter>
    </ClCompile>
    <ClCompile Include="UVa124.cpp">
      <Filter>Source Files</Filter>
    </ClCompile>
    <ClCompile Include="UVa200.cpp">
      <Filter>Source Files</Filter>
    </ClCompile>
    <ClCompile Include="UVa383.cpp">
      <Filter>Source Files</Filter>
    </ClCompile>
    <ClCompile Include="UVa10034.cpp">
      <Filter>Source Files</Filter>
    </ClCompile>
    <ClCompile Include="UVa417.cpp">
      <Filter>Source Files</Filter>
    </ClCompile>
    <ClCompile Include="UVa469.cpp">
      <Filter>Source Files</Filter>
    </ClCompile>
    <ClCompile Include="UVa10307.cpp">
      <Filter>Source Files</Filter>
    </ClCompile>
    <ClCompile Include="UVa10004.cpp">
      <Filter>Source Files</Filter>
    </ClCompile>
    <ClCompile Include="UVa11228.cpp">
      <Filter>Source Files</Filter>
    </ClCompile>
    <ClCompile Include="UVa341.cpp">
      <Filter>Source Files</Filter>
    </ClCompile>
    <ClCompile Include="UVa929.cpp">
      <Filter>Source Files</Filter>
    </ClCompile>
    <ClCompile Include="UVa10147.cpp">
      <Filter>Source Files</Filter>
    </ClCompile>
    <ClCompile Include="UVa10278.cpp">
      <Filter>Source Files</Filter>
    </ClCompile>
    <ClCompile Include="UVa10369.cpp">
      <Filter>Source Files</Filter>
    </ClCompile>
    <ClCompile Include="UVa10603.cpp">
      <Filter>Source Files</Filter>
    </ClCompile>
  </ItemGroup>
</Project>